PODS:
  - AFNetworking (2.5.1):
    - AFNetworking/NSURLConnection (= 2.5.1)
    - AFNetworking/NSURLSession (= 2.5.1)
    - AFNetworking/Reachability (= 2.5.1)
    - AFNetworking/Security (= 2.5.1)
    - AFNetworking/Serialization (= 2.5.1)
    - AFNetworking/UIKit (= 2.5.1)
  - AFNetworking/NSURLConnection (2.5.1):
    - AFNetworking/Reachability
    - AFNetworking/Security
    - AFNetworking/Serialization
  - AFNetworking/NSURLSession (2.5.1):
    - AFNetworking/Reachability
    - AFNetworking/Security
    - AFNetworking/Serialization
  - AFNetworking/Reachability (2.5.1)
  - AFNetworking/Security (2.5.1)
  - AFNetworking/Serialization (2.5.1)
  - AFNetworking/UIKit (2.5.1):
    - AFNetworking/NSURLConnection
    - AFNetworking/NSURLSession
  - HMSegmentedControl (1.5)
  - KVNProgress (2.1.9)
  - Masonry (0.6.1)
  - MMDrawerController (0.5.7):
    - MMDrawerController/Core (= 0.5.7)
    - MMDrawerController/MMDrawerBarButtonItem (= 0.5.7)
    - MMDrawerController/MMDrawerVisualStates (= 0.5.7)
    - MMDrawerController/Subclass (= 0.5.7)
  - MMDrawerController/Core (0.5.7)
  - MMDrawerController/MMDrawerBarButtonItem (0.5.7):
    - MMDrawerController/Core
  - MMDrawerController/MMDrawerVisualStates (0.5.7):
    - MMDrawerController/Core
  - MMDrawerController/Subclass (0.5.7):
    - MMDrawerController/Core
  - Realm (0.90.6):
    - Realm/Headers (= 0.90.6)
  - Realm/Headers (0.90.6)

DEPENDENCIES:
  - AFNetworking (= 2.5.1)
  - HMSegmentedControl (= 1.5)
  - KVNProgress (= 2.1.9)
  - Masonry (= 0.6.1)
  - MMDrawerController (= 0.5.7)
  - Realm (= 0.90.6)

SPEC CHECKSUMS:
  AFNetworking: 8bee59492a6ff15d69130efa4d0dc67e0094a52a
  HMSegmentedControl: 5bb76002ce529ad83855a06cbdb5c6e48732141b
  KVNProgress: 9c9a3686a3eac347dc88753eed44bae5ebee1b83
  Masonry: 2cb49fd14d203d2db5ca6bb017135b235dde9980
  MMDrawerController: c3ab7a318ddc7e2bcd133139c3161af08c6e1197
  Realm: 6c3facc11964ab9f828f47de6d0e9bf9c4d9c818

COCOAPODS: 0.35.0
