// !$*UTF8*$!
{
	archiveVersion = 1;
	classes = {
	};
	objectVersion = 46;
	objects = {

/* Begin PBXBuildFile section */
		55B8495F730042A6986A0411 /* libPods.a in Frameworks */ = {isa = PBXBuildFile; fileRef = 7AC2BC34DD53E7F748851752 /* libPods.a */; };
		B533CE3D1ABD430300907A7C /* UIFont+OPTheme.m in Sources */ = {isa = PBXBuildFile; fileRef = B533CE3C1ABD430300907A7C /* UIFont+OPTheme.m */; };
		B534EACF1AB43A2900EBE3EB /* ServerTimeTableCell.m in Sources */ = {isa = PBXBuildFile; fileRef = B534EACE1AB43A2900EBE3EB /* ServerTimeTableCell.m */; };
		B534EAD21AB43A8B00EBE3EB /* AddLectureViewController.m in Sources */ = {isa = PBXBuildFile; fileRef = B534EAD11AB43A8B00EBE3EB /* AddLectureViewController.m */; };
		B534EAD61AB43B3400EBE3EB /* SearchLectureViewController.m in Sources */ = {isa = PBXBuildFile; fileRef = B534EAD51AB43B3400EBE3EB /* SearchLectureViewController.m */; };
		B534EADA1AB44D3800EBE3EB /* SearchLectureCell.m in Sources */ = {isa = PBXBuildFile; fileRef = B534EAD91AB44D3800EBE3EB /* SearchLectureCell.m */; };
		B534EAEF1AB47D8000EBE3EB /* AddLectureHeaderCell.m in Sources */ = {isa = PBXBuildFile; fileRef = B534EAEE1AB47D8000EBE3EB /* AddLectureHeaderCell.m */; };
		B534EAF51AB47DB100EBE3EB /* AddLectureFooterCell.m in Sources */ = {isa = PBXBuildFile; fileRef = B534EAF41AB47DB100EBE3EB /* AddLectureFooterCell.m */; };
		B534EAF81AB47DBF00EBE3EB /* AddLectureDetailCell.m in Sources */ = {isa = PBXBuildFile; fileRef = B534EAF71AB47DBF00EBE3EB /* AddLectureDetailCell.m */; };
		B53655CB1ABCA8E500626416 /* UIColor+OPTheme.m in Sources */ = {isa = PBXBuildFile; fileRef = B53655CA1ABCA8E500626416 /* UIColor+OPTheme.m */; };
		B54C8D471ACDA76900DF2455 /* menu.png in Resources */ = {isa = PBXBuildFile; fileRef = B54C8D421ACDA76900DF2455 /* menu.png */; };
		B54C8D481ACDA76900DF2455 /* add.png in Resources */ = {isa = PBXBuildFile; fileRef = B54C8D431ACDA76900DF2455 /* add.png */; };
		B54C8D491ACDA76900DF2455 /* done.png in Resources */ = {isa = PBXBuildFile; fileRef = B54C8D441ACDA76900DF2455 /* done.png */; };
		B54C8D4A1ACDA76900DF2455 /* search.png in Resources */ = {isa = PBXBuildFile; fileRef = B54C8D451ACDA76900DF2455 /* search.png */; };
		B54C8D4B1ACDA76900DF2455 /* download.png in Resources */ = {isa = PBXBuildFile; fileRef = B54C8D461ACDA76900DF2455 /* download.png */; };
		B54C8D4E1ACDAA2000DF2455 /* UIImage+OPTheme.m in Sources */ = {isa = PBXBuildFile; fileRef = B54C8D4D1ACDAA2000DF2455 /* UIImage+OPTheme.m */; };
		B54C8D6C1ACDB1F300DF2455 /* NotificationCenter.framework in Frameworks */ = {isa = PBXBuildFile; fileRef = B54C8D6B1ACDB1F300DF2455 /* NotificationCenter.framework */; };
		B54C8D721ACDB1F300DF2455 /* TodayViewController.m in Sources */ = {isa = PBXBuildFile; fileRef = B54C8D711ACDB1F300DF2455 /* TodayViewController.m */; };
		B54C8D741ACDB1F300DF2455 /* MainInterface.storyboard in Resources */ = {isa = PBXBuildFile; fileRef = B54C8D731ACDB1F300DF2455 /* MainInterface.storyboard */; };
		B54C8D771ACDB1F300DF2455 /* OPDBit Widget.appex in Embed App Extensions */ = {isa = PBXBuildFile; fileRef = B54C8D6A1ACDB1F200DF2455 /* OPDBit Widget.appex */; settings = {ATTRIBUTES = (RemoveHeadersOnCopy, ); }; };
		B593AA3E1ACC0BBA0063F09E /* on.png in Resources */ = {isa = PBXBuildFile; fileRef = B593AA3C1ACC0BBA0063F09E /* on.png */; };
		B593AA3F1ACC0BBA0063F09E /* off.png in Resources */ = {isa = PBXBuildFile; fileRef = B593AA3D1ACC0BBA0063F09E /* off.png */; };
		B593AA431ACC3DDF0063F09E /* TimeTableView.m in Sources */ = {isa = PBXBuildFile; fileRef = B593AA421ACC3DDF0063F09E /* TimeTableView.m */; };
		B593AA461ACC4E7D0063F09E /* ShowTimeTableViewController.m in Sources */ = {isa = PBXBuildFile; fileRef = B593AA451ACC4E7D0063F09E /* ShowTimeTableViewController.m */; };
		B593AA4B1ACC58610063F09E /* LectureDetailView.m in Sources */ = {isa = PBXBuildFile; fileRef = B593AA4A1ACC58610063F09E /* LectureDetailView.m */; };
		B596827D1AAC2EB7002D6983 /* main.m in Sources */ = {isa = PBXBuildFile; fileRef = B596827C1AAC2EB7002D6983 /* main.m */; };
		B59682801AAC2EB7002D6983 /* AppDelegate.m in Sources */ = {isa = PBXBuildFile; fileRef = B596827F1AAC2EB7002D6983 /* AppDelegate.m */; };
		B59682881AAC2EB7002D6983 /* Images.xcassets in Resources */ = {isa = PBXBuildFile; fileRef = B59682871AAC2EB7002D6983 /* Images.xcassets */; };
		B596828B1AAC2EB7002D6983 /* LaunchScreen.xib in Resources */ = {isa = PBXBuildFile; fileRef = B59682891AAC2EB7002D6983 /* LaunchScreen.xib */; };
		B59682971AAC2EB7002D6983 /* OPDBitTests.m in Sources */ = {isa = PBXBuildFile; fileRef = B59682961AAC2EB7002D6983 /* OPDBitTests.m */; };
		B59682A21AAC314D002D6983 /* OPLeftDrawerViewController.m in Sources */ = {isa = PBXBuildFile; fileRef = B59682A11AAC314D002D6983 /* OPLeftDrawerViewController.m */; };
		B59682A71AAC3378002D6983 /* OPLeftDrawerTableViewCell.m in Sources */ = {isa = PBXBuildFile; fileRef = B59682A61AAC3378002D6983 /* OPLeftDrawerTableViewCell.m */; };
		B59682AE1AAC3741002D6983 /* LectureViewController.m in Sources */ = {isa = PBXBuildFile; fileRef = B59682AD1AAC3741002D6983 /* LectureViewController.m */; };
		B59682B11AAC374D002D6983 /* TimeTableViewController.m in Sources */ = {isa = PBXBuildFile; fileRef = B59682B01AAC374D002D6983 /* TimeTableViewController.m */; };
		B59682B51AAC47F0002D6983 /* LectureTableViewCell.m in Sources */ = {isa = PBXBuildFile; fileRef = B59682B41AAC47F0002D6983 /* LectureTableViewCell.m */; };
		B59682B91AAC4A8E002D6983 /* DataManager.m in Sources */ = {isa = PBXBuildFile; fileRef = B59682B81AAC4A8E002D6983 /* DataManager.m */; };
		B59682BD1AAC4AD9002D6983 /* LectureObject.m in Sources */ = {isa = PBXBuildFile; fileRef = B59682BC1AAC4AD9002D6983 /* LectureObject.m */; };
		B59682C21AAC4CDC002D6983 /* TimeTableObject.m in Sources */ = {isa = PBXBuildFile; fileRef = B59682C11AAC4CDB002D6983 /* TimeTableObject.m */; };
		B59682C71AAC4D2F002D6983 /* LectureDetailObject.m in Sources */ = {isa = PBXBuildFile; fileRef = B59682C61AAC4D2F002D6983 /* LectureDetailObject.m */; };
		B59682D11AAC4E12002D6983 /* ServerLectureObject.m in Sources */ = {isa = PBXBuildFile; fileRef = B59682D01AAC4E12002D6983 /* ServerLectureObject.m */; };
		B59682D41AAC4E1B002D6983 /* ServerSchoolObject.m in Sources */ = {isa = PBXBuildFile; fileRef = B59682D31AAC4E1B002D6983 /* ServerSchoolObject.m */; };
		B59682D71AAC4E27002D6983 /* ServerTimeTableObject.m in Sources */ = {isa = PBXBuildFile; fileRef = B59682D61AAC4E27002D6983 /* ServerTimeTableObject.m */; };
		B59682DB1AAC5892002D6983 /* TimeTableCell.m in Sources */ = {isa = PBXBuildFile; fileRef = B59682DA1AAC5892002D6983 /* TimeTableCell.m */; };
		B59682DF1AAC69CE002D6983 /* NetworkManager.m in Sources */ = {isa = PBXBuildFile; fileRef = B59682DE1AAC69CE002D6983 /* NetworkManager.m */; };
		B59682E51AAC6DC2002D6983 /* AddTimeTableViewController.m in Sources */ = {isa = PBXBuildFile; fileRef = B59682E41AAC6DC2002D6983 /* AddTimeTableViewController.m */; };
		B59682E91AAC7069002D6983 /* ServerTimeTableViewController.m in Sources */ = {isa = PBXBuildFile; fileRef = B59682E81AAC7069002D6983 /* ServerTimeTableViewController.m */; };
		B59682ED1AAC7B37002D6983 /* DownloadServerTimeTableViewController.m in Sources */ = {isa = PBXBuildFile; fileRef = B59682EC1AAC7B37002D6983 /* DownloadServerTimeTableViewController.m */; };
		B5BE82501ACDB866009B5DB9 /* MainInterface.storyboard in Resources */ = {isa = PBXBuildFile; fileRef = B54C8D731ACDB1F300DF2455 /* MainInterface.storyboard */; };
		B5BE82511ACDB8A3009B5DB9 /* TodayViewController.m in Sources */ = {isa = PBXBuildFile; fileRef = B54C8D711ACDB1F300DF2455 /* TodayViewController.m */; };
		B5BE82521ACDB8A4009B5DB9 /* TodayViewController.m in Sources */ = {isa = PBXBuildFile; fileRef = B54C8D711ACDB1F300DF2455 /* TodayViewController.m */; };
		B5BE82531ACDB8EC009B5DB9 /* Images.xcassets in Resources */ = {isa = PBXBuildFile; fileRef = B59682871AAC2EB7002D6983 /* Images.xcassets */; };
/* End PBXBuildFile section */

/* Begin PBXContainerItemProxy section */
		B54C8D751ACDB1F300DF2455 /* PBXContainerItemProxy */ = {
			isa = PBXContainerItemProxy;
			containerPortal = B596826F1AAC2EB7002D6983 /* Project object */;
			proxyType = 1;
			remoteGlobalIDString = B54C8D691ACDB1F200DF2455;
			remoteInfo = "OPDBit Widget";
		};
		B59682911AAC2EB7002D6983 /* PBXContainerItemProxy */ = {
			isa = PBXContainerItemProxy;
			containerPortal = B596826F1AAC2EB7002D6983 /* Project object */;
			proxyType = 1;
			remoteGlobalIDString = B59682761AAC2EB7002D6983;
			remoteInfo = OPDBit;
		};
/* End PBXContainerItemProxy section */

/* Begin PBXCopyFilesBuildPhase section */
		B54C8D7B1ACDB1F300DF2455 /* Embed App Extensions */ = {
			isa = PBXCopyFilesBuildPhase;
			buildActionMask = 2147483647;
			dstPath = "";
			dstSubfolderSpec = 13;
			files = (
				B54C8D771ACDB1F300DF2455 /* OPDBit Widget.appex in Embed App Extensions */,
			);
			name = "Embed App Extensions";
			runOnlyForDeploymentPostprocessing = 0;
		};
/* End PBXCopyFilesBuildPhase section */

/* Begin PBXFileReference section */
		36B226D3E967DD83FBCC2886 /* Pods.release.xcconfig */ = {isa = PBXFileReference; includeInIndex = 1; lastKnownFileType = text.xcconfig; name = Pods.release.xcconfig; path = "Pods/Target Support Files/Pods/Pods.release.xcconfig"; sourceTree = "<group>"; };
		7AC2BC34DD53E7F748851752 /* libPods.a */ = {isa = PBXFileReference; explicitFileType = archive.ar; includeInIndex = 0; path = libPods.a; sourceTree = BUILT_PRODUCTS_DIR; };
		B533CE3B1ABD430300907A7C /* UIFont+OPTheme.h */ = {isa = PBXFileReference; fileEncoding = 4; lastKnownFileType = sourcecode.c.h; path = "UIFont+OPTheme.h"; sourceTree = "<group>"; };
		B533CE3C1ABD430300907A7C /* UIFont+OPTheme.m */ = {isa = PBXFileReference; fileEncoding = 4; lastKnownFileType = sourcecode.c.objc; path = "UIFont+OPTheme.m"; sourceTree = "<group>"; };
		B534EACD1AB43A2900EBE3EB /* ServerTimeTableCell.h */ = {isa = PBXFileReference; fileEncoding = 4; lastKnownFileType = sourcecode.c.h; path = ServerTimeTableCell.h; sourceTree = "<group>"; };
		B534EACE1AB43A2900EBE3EB /* ServerTimeTableCell.m */ = {isa = PBXFileReference; fileEncoding = 4; lastKnownFileType = sourcecode.c.objc; path = ServerTimeTableCell.m; sourceTree = "<group>"; };
		B534EAD01AB43A8B00EBE3EB /* AddLectureViewController.h */ = {isa = PBXFileReference; fileEncoding = 4; lastKnownFileType = sourcecode.c.h; lineEnding = 0; path = AddLectureViewController.h; sourceTree = "<group>"; xcLanguageSpecificationIdentifier = xcode.lang.objcpp; };
		B534EAD11AB43A8B00EBE3EB /* AddLectureViewController.m */ = {isa = PBXFileReference; fileEncoding = 4; lastKnownFileType = sourcecode.c.objc; lineEnding = 0; path = AddLectureViewController.m; sourceTree = "<group>"; xcLanguageSpecificationIdentifier = xcode.lang.objc; };
		B534EAD41AB43B3400EBE3EB /* SearchLectureViewController.h */ = {isa = PBXFileReference; fileEncoding = 4; lastKnownFileType = sourcecode.c.h; path = SearchLectureViewController.h; sourceTree = "<group>"; };
		B534EAD51AB43B3400EBE3EB /* SearchLectureViewController.m */ = {isa = PBXFileReference; fileEncoding = 4; lastKnownFileType = sourcecode.c.objc; path = SearchLectureViewController.m; sourceTree = "<group>"; };
		B534EAD81AB44D3800EBE3EB /* SearchLectureCell.h */ = {isa = PBXFileReference; fileEncoding = 4; lastKnownFileType = sourcecode.c.h; path = SearchLectureCell.h; sourceTree = "<group>"; };
		B534EAD91AB44D3800EBE3EB /* SearchLectureCell.m */ = {isa = PBXFileReference; fileEncoding = 4; lastKnownFileType = sourcecode.c.objc; path = SearchLectureCell.m; sourceTree = "<group>"; };
		B534EAED1AB47D8000EBE3EB /* AddLectureHeaderCell.h */ = {isa = PBXFileReference; fileEncoding = 4; lastKnownFileType = sourcecode.c.h; path = AddLectureHeaderCell.h; sourceTree = "<group>"; };
		B534EAEE1AB47D8000EBE3EB /* AddLectureHeaderCell.m */ = {isa = PBXFileReference; fileEncoding = 4; lastKnownFileType = sourcecode.c.objc; path = AddLectureHeaderCell.m; sourceTree = "<group>"; };
		B534EAF31AB47DB100EBE3EB /* AddLectureFooterCell.h */ = {isa = PBXFileReference; fileEncoding = 4; lastKnownFileType = sourcecode.c.h; path = AddLectureFooterCell.h; sourceTree = "<group>"; };
		B534EAF41AB47DB100EBE3EB /* AddLectureFooterCell.m */ = {isa = PBXFileReference; fileEncoding = 4; lastKnownFileType = sourcecode.c.objc; path = AddLectureFooterCell.m; sourceTree = "<group>"; };
		B534EAF61AB47DBF00EBE3EB /* AddLectureDetailCell.h */ = {isa = PBXFileReference; fileEncoding = 4; lastKnownFileType = sourcecode.c.h; path = AddLectureDetailCell.h; sourceTree = "<group>"; };
		B534EAF71AB47DBF00EBE3EB /* AddLectureDetailCell.m */ = {isa = PBXFileReference; fileEncoding = 4; lastKnownFileType = sourcecode.c.objc; path = AddLectureDetailCell.m; sourceTree = "<group>"; };
		B53655C91ABCA8E500626416 /* UIColor+OPTheme.h */ = {isa = PBXFileReference; fileEncoding = 4; lastKnownFileType = sourcecode.c.h; path = "UIColor+OPTheme.h"; sourceTree = "<group>"; };
		B53655CA1ABCA8E500626416 /* UIColor+OPTheme.m */ = {isa = PBXFileReference; fileEncoding = 4; lastKnownFileType = sourcecode.c.objc; path = "UIColor+OPTheme.m"; sourceTree = "<group>"; };
		B54C8D421ACDA76900DF2455 /* menu.png */ = {isa = PBXFileReference; lastKnownFileType = image.png; path = menu.png; sourceTree = "<group>"; };
		B54C8D431ACDA76900DF2455 /* add.png */ = {isa = PBXFileReference; lastKnownFileType = image.png; path = add.png; sourceTree = "<group>"; };
		B54C8D441ACDA76900DF2455 /* done.png */ = {isa = PBXFileReference; lastKnownFileType = image.png; path = done.png; sourceTree = "<group>"; };
		B54C8D451ACDA76900DF2455 /* search.png */ = {isa = PBXFileReference; lastKnownFileType = image.png; path = search.png; sourceTree = "<group>"; };
		B54C8D461ACDA76900DF2455 /* download.png */ = {isa = PBXFileReference; lastKnownFileType = image.png; path = download.png; sourceTree = "<group>"; };
		B54C8D4C1ACDAA2000DF2455 /* UIImage+OPTheme.h */ = {isa = PBXFileReference; fileEncoding = 4; lastKnownFileType = sourcecode.c.h; path = "UIImage+OPTheme.h"; sourceTree = "<group>"; };
		B54C8D4D1ACDAA2000DF2455 /* UIImage+OPTheme.m */ = {isa = PBXFileReference; fileEncoding = 4; lastKnownFileType = sourcecode.c.objc; path = "UIImage+OPTheme.m"; sourceTree = "<group>"; };
		B54C8D6A1ACDB1F200DF2455 /* OPDBit Widget.appex */ = {isa = PBXFileReference; explicitFileType = "wrapper.app-extension"; includeInIndex = 0; path = "OPDBit Widget.appex"; sourceTree = BUILT_PRODUCTS_DIR; };
		B54C8D6B1ACDB1F300DF2455 /* NotificationCenter.framework */ = {isa = PBXFileReference; lastKnownFileType = wrapper.framework; name = NotificationCenter.framework; path = System/Library/Frameworks/NotificationCenter.framework; sourceTree = SDKROOT; };
		B54C8D6F1ACDB1F300DF2455 /* Info.plist */ = {isa = PBXFileReference; lastKnownFileType = text.plist.xml; path = Info.plist; sourceTree = "<group>"; };
		B54C8D701ACDB1F300DF2455 /* TodayViewController.h */ = {isa = PBXFileReference; lastKnownFileType = sourcecode.c.h; path = TodayViewController.h; sourceTree = "<group>"; };
		B54C8D711ACDB1F300DF2455 /* TodayViewController.m */ = {isa = PBXFileReference; lastKnownFileType = sourcecode.c.objc; path = TodayViewController.m; sourceTree = "<group>"; };
		B54C8D731ACDB1F300DF2455 /* MainInterface.storyboard */ = {isa = PBXFileReference; lastKnownFileType = file.storyboard; path = MainInterface.storyboard; sourceTree = "<group>"; };
		B593AA3C1ACC0BBA0063F09E /* on.png */ = {isa = PBXFileReference; lastKnownFileType = image.png; path = on.png; sourceTree = "<group>"; };
		B593AA3D1ACC0BBA0063F09E /* off.png */ = {isa = PBXFileReference; lastKnownFileType = image.png; path = off.png; sourceTree = "<group>"; };
		B593AA411ACC3DDF0063F09E /* TimeTableView.h */ = {isa = PBXFileReference; fileEncoding = 4; lastKnownFileType = sourcecode.c.h; path = TimeTableView.h; sourceTree = "<group>"; };
		B593AA421ACC3DDF0063F09E /* TimeTableView.m */ = {isa = PBXFileReference; fileEncoding = 4; lastKnownFileType = sourcecode.c.objc; path = TimeTableView.m; sourceTree = "<group>"; };
		B593AA441ACC4E7D0063F09E /* ShowTimeTableViewController.h */ = {isa = PBXFileReference; fileEncoding = 4; lastKnownFileType = sourcecode.c.h; path = ShowTimeTableViewController.h; sourceTree = "<group>"; };
		B593AA451ACC4E7D0063F09E /* ShowTimeTableViewController.m */ = {isa = PBXFileReference; fileEncoding = 4; lastKnownFileType = sourcecode.c.objc; path = ShowTimeTableViewController.m; sourceTree = "<group>"; };
		B593AA491ACC58610063F09E /* LectureDetailView.h */ = {isa = PBXFileReference; fileEncoding = 4; lastKnownFileType = sourcecode.c.h; path = LectureDetailView.h; sourceTree = "<group>"; };
		B593AA4A1ACC58610063F09E /* LectureDetailView.m */ = {isa = PBXFileReference; fileEncoding = 4; lastKnownFileType = sourcecode.c.objc; path = LectureDetailView.m; sourceTree = "<group>"; };
		B59682771AAC2EB7002D6983 /* OPDBit.app */ = {isa = PBXFileReference; explicitFileType = wrapper.application; includeInIndex = 0; path = OPDBit.app; sourceTree = BUILT_PRODUCTS_DIR; };
		B596827B1AAC2EB7002D6983 /* Info.plist */ = {isa = PBXFileReference; lastKnownFileType = text.plist.xml; path = Info.plist; sourceTree = "<group>"; };
		B596827C1AAC2EB7002D6983 /* main.m */ = {isa = PBXFileReference; lastKnownFileType = sourcecode.c.objc; path = main.m; sourceTree = "<group>"; };
		B596827E1AAC2EB7002D6983 /* AppDelegate.h */ = {isa = PBXFileReference; lastKnownFileType = sourcecode.c.h; lineEnding = 0; path = AppDelegate.h; sourceTree = "<group>"; xcLanguageSpecificationIdentifier = xcode.lang.objcpp; };
		B596827F1AAC2EB7002D6983 /* AppDelegate.m */ = {isa = PBXFileReference; lastKnownFileType = sourcecode.c.objc; path = AppDelegate.m; sourceTree = "<group>"; };
		B59682871AAC2EB7002D6983 /* Images.xcassets */ = {isa = PBXFileReference; lastKnownFileType = folder.assetcatalog; path = Images.xcassets; sourceTree = "<group>"; };
		B596828A1AAC2EB7002D6983 /* Base */ = {isa = PBXFileReference; lastKnownFileType = file.xib; name = Base; path = Base.lproj/LaunchScreen.xib; sourceTree = "<group>"; };
		B59682901AAC2EB7002D6983 /* OPDBitTests.xctest */ = {isa = PBXFileReference; explicitFileType = wrapper.cfbundle; includeInIndex = 0; path = OPDBitTests.xctest; sourceTree = BUILT_PRODUCTS_DIR; };
		B59682951AAC2EB7002D6983 /* Info.plist */ = {isa = PBXFileReference; lastKnownFileType = text.plist.xml; path = Info.plist; sourceTree = "<group>"; };
		B59682961AAC2EB7002D6983 /* OPDBitTests.m */ = {isa = PBXFileReference; lastKnownFileType = sourcecode.c.objc; path = OPDBitTests.m; sourceTree = "<group>"; };
		B59682A01AAC314D002D6983 /* OPLeftDrawerViewController.h */ = {isa = PBXFileReference; fileEncoding = 4; lastKnownFileType = sourcecode.c.h; path = OPLeftDrawerViewController.h; sourceTree = "<group>"; };
		B59682A11AAC314D002D6983 /* OPLeftDrawerViewController.m */ = {isa = PBXFileReference; fileEncoding = 4; lastKnownFileType = sourcecode.c.objc; path = OPLeftDrawerViewController.m; sourceTree = "<group>"; };
		B59682A51AAC3378002D6983 /* OPLeftDrawerTableViewCell.h */ = {isa = PBXFileReference; fileEncoding = 4; lastKnownFileType = sourcecode.c.h; path = OPLeftDrawerTableViewCell.h; sourceTree = "<group>"; };
		B59682A61AAC3378002D6983 /* OPLeftDrawerTableViewCell.m */ = {isa = PBXFileReference; fileEncoding = 4; lastKnownFileType = sourcecode.c.objc; path = OPLeftDrawerTableViewCell.m; sourceTree = "<group>"; };
		B59682AC1AAC3741002D6983 /* LectureViewController.h */ = {isa = PBXFileReference; fileEncoding = 4; lastKnownFileType = sourcecode.c.h; lineEnding = 0; path = LectureViewController.h; sourceTree = "<group>"; xcLanguageSpecificationIdentifier = xcode.lang.objcpp; };
		B59682AD1AAC3741002D6983 /* LectureViewController.m */ = {isa = PBXFileReference; fileEncoding = 4; lastKnownFileType = sourcecode.c.objc; path = LectureViewController.m; sourceTree = "<group>"; };
		B59682AF1AAC374D002D6983 /* TimeTableViewController.h */ = {isa = PBXFileReference; fileEncoding = 4; lastKnownFileType = sourcecode.c.h; path = TimeTableViewController.h; sourceTree = "<group>"; };
		B59682B01AAC374D002D6983 /* TimeTableViewController.m */ = {isa = PBXFileReference; fileEncoding = 4; lastKnownFileType = sourcecode.c.objc; path = TimeTableViewController.m; sourceTree = "<group>"; };
		B59682B31AAC47F0002D6983 /* LectureTableViewCell.h */ = {isa = PBXFileReference; fileEncoding = 4; lastKnownFileType = sourcecode.c.h; path = LectureTableViewCell.h; sourceTree = "<group>"; };
		B59682B41AAC47F0002D6983 /* LectureTableViewCell.m */ = {isa = PBXFileReference; fileEncoding = 4; lastKnownFileType = sourcecode.c.objc; path = LectureTableViewCell.m; sourceTree = "<group>"; };
		B59682B71AAC4A8E002D6983 /* DataManager.h */ = {isa = PBXFileReference; fileEncoding = 4; lastKnownFileType = sourcecode.c.h; lineEnding = 0; path = DataManager.h; sourceTree = "<group>"; xcLanguageSpecificationIdentifier = xcode.lang.objcpp; };
		B59682B81AAC4A8E002D6983 /* DataManager.m */ = {isa = PBXFileReference; fileEncoding = 4; lastKnownFileType = sourcecode.c.objc; lineEnding = 0; path = DataManager.m; sourceTree = "<group>"; xcLanguageSpecificationIdentifier = xcode.lang.objc; };
		B59682BB1AAC4AD9002D6983 /* LectureObject.h */ = {isa = PBXFileReference; fileEncoding = 4; lastKnownFileType = sourcecode.c.h; path = LectureObject.h; sourceTree = "<group>"; };
		B59682BC1AAC4AD9002D6983 /* LectureObject.m */ = {isa = PBXFileReference; fileEncoding = 4; lastKnownFileType = sourcecode.c.objc; path = LectureObject.m; sourceTree = "<group>"; };
		B59682C01AAC4CDB002D6983 /* TimeTableObject.h */ = {isa = PBXFileReference; fileEncoding = 4; lastKnownFileType = sourcecode.c.h; path = TimeTableObject.h; sourceTree = "<group>"; };
		B59682C11AAC4CDB002D6983 /* TimeTableObject.m */ = {isa = PBXFileReference; fileEncoding = 4; lastKnownFileType = sourcecode.c.objc; path = TimeTableObject.m; sourceTree = "<group>"; };
		B59682C51AAC4D2F002D6983 /* LectureDetailObject.h */ = {isa = PBXFileReference; fileEncoding = 4; lastKnownFileType = sourcecode.c.h; path = LectureDetailObject.h; sourceTree = "<group>"; };
		B59682C61AAC4D2F002D6983 /* LectureDetailObject.m */ = {isa = PBXFileReference; fileEncoding = 4; lastKnownFileType = sourcecode.c.objc; path = LectureDetailObject.m; sourceTree = "<group>"; };
		B59682CF1AAC4E12002D6983 /* ServerLectureObject.h */ = {isa = PBXFileReference; fileEncoding = 4; lastKnownFileType = sourcecode.c.h; path = ServerLectureObject.h; sourceTree = "<group>"; };
		B59682D01AAC4E12002D6983 /* ServerLectureObject.m */ = {isa = PBXFileReference; fileEncoding = 4; lastKnownFileType = sourcecode.c.objc; path = ServerLectureObject.m; sourceTree = "<group>"; };
		B59682D21AAC4E1B002D6983 /* ServerSchoolObject.h */ = {isa = PBXFileReference; fileEncoding = 4; lastKnownFileType = sourcecode.c.h; path = ServerSchoolObject.h; sourceTree = "<group>"; };
		B59682D31AAC4E1B002D6983 /* ServerSchoolObject.m */ = {isa = PBXFileReference; fileEncoding = 4; lastKnownFileType = sourcecode.c.objc; path = ServerSchoolObject.m; sourceTree = "<group>"; };
		B59682D51AAC4E27002D6983 /* ServerTimeTableObject.h */ = {isa = PBXFileReference; fileEncoding = 4; lastKnownFileType = sourcecode.c.h; path = ServerTimeTableObject.h; sourceTree = "<group>"; };
		B59682D61AAC4E27002D6983 /* ServerTimeTableObject.m */ = {isa = PBXFileReference; fileEncoding = 4; lastKnownFileType = sourcecode.c.objc; path = ServerTimeTableObject.m; sourceTree = "<group>"; };
		B59682D91AAC5892002D6983 /* TimeTableCell.h */ = {isa = PBXFileReference; fileEncoding = 4; lastKnownFileType = sourcecode.c.h; path = TimeTableCell.h; sourceTree = "<group>"; };
		B59682DA1AAC5892002D6983 /* TimeTableCell.m */ = {isa = PBXFileReference; fileEncoding = 4; lastKnownFileType = sourcecode.c.objc; path = TimeTableCell.m; sourceTree = "<group>"; };
		B59682DD1AAC69CE002D6983 /* NetworkManager.h */ = {isa = PBXFileReference; fileEncoding = 4; lastKnownFileType = sourcecode.c.h; path = NetworkManager.h; sourceTree = "<group>"; };
		B59682DE1AAC69CE002D6983 /* NetworkManager.m */ = {isa = PBXFileReference; fileEncoding = 4; lastKnownFileType = sourcecode.c.objc; path = NetworkManager.m; sourceTree = "<group>"; };
		B59682E31AAC6DC2002D6983 /* AddTimeTableViewController.h */ = {isa = PBXFileReference; fileEncoding = 4; lastKnownFileType = sourcecode.c.h; path = AddTimeTableViewController.h; sourceTree = "<group>"; };
		B59682E41AAC6DC2002D6983 /* AddTimeTableViewController.m */ = {isa = PBXFileReference; fileEncoding = 4; lastKnownFileType = sourcecode.c.objc; lineEnding = 0; path = AddTimeTableViewController.m; sourceTree = "<group>"; xcLanguageSpecificationIdentifier = xcode.lang.objc; };
		B59682E71AAC7069002D6983 /* ServerTimeTableViewController.h */ = {isa = PBXFileReference; fileEncoding = 4; lastKnownFileType = sourcecode.c.h; path = ServerTimeTableViewController.h; sourceTree = "<group>"; };
		B59682E81AAC7069002D6983 /* ServerTimeTableViewController.m */ = {isa = PBXFileReference; fileEncoding = 4; lastKnownFileType = sourcecode.c.objc; path = ServerTimeTableViewController.m; sourceTree = "<group>"; };
		B59682EB1AAC7B37002D6983 /* DownloadServerTimeTableViewController.h */ = {isa = PBXFileReference; fileEncoding = 4; lastKnownFileType = sourcecode.c.h; lineEnding = 0; path = DownloadServerTimeTableViewController.h; sourceTree = "<group>"; xcLanguageSpecificationIdentifier = xcode.lang.objcpp; };
		B59682EC1AAC7B37002D6983 /* DownloadServerTimeTableViewController.m */ = {isa = PBXFileReference; fileEncoding = 4; lastKnownFileType = sourcecode.c.objc; lineEnding = 0; path = DownloadServerTimeTableViewController.m; sourceTree = "<group>"; xcLanguageSpecificationIdentifier = xcode.lang.objc; };
		FF3D7F73A7E4E3ECBE61BFEB /* Pods.debug.xcconfig */ = {isa = PBXFileReference; includeInIndex = 1; lastKnownFileType = text.xcconfig; name = Pods.debug.xcconfig; path = "Pods/Target Support Files/Pods/Pods.debug.xcconfig"; sourceTree = "<group>"; };
/* End PBXFileReference section */

/* Begin PBXFrameworksBuildPhase section */
		B54C8D671ACDB1F200DF2455 /* Frameworks */ = {
			isa = PBXFrameworksBuildPhase;
			buildActionMask = 2147483647;
			files = (
				B54C8D6C1ACDB1F300DF2455 /* NotificationCenter.framework in Frameworks */,
			);
			runOnlyForDeploymentPostprocessing = 0;
		};
		B59682741AAC2EB7002D6983 /* Frameworks */ = {
			isa = PBXFrameworksBuildPhase;
			buildActionMask = 2147483647;
			files = (
				55B8495F730042A6986A0411 /* libPods.a in Frameworks */,
			);
			runOnlyForDeploymentPostprocessing = 0;
		};
		B596828D1AAC2EB7002D6983 /* Frameworks */ = {
			isa = PBXFrameworksBuildPhase;
			buildActionMask = 2147483647;
			files = (
			);
			runOnlyForDeploymentPostprocessing = 0;
		};
/* End PBXFrameworksBuildPhase section */

/* Begin PBXGroup section */
		50E9E19CC8AB086F75932C27 /* Pods */ = {
			isa = PBXGroup;
			children = (
				FF3D7F73A7E4E3ECBE61BFEB /* Pods.debug.xcconfig */,
				36B226D3E967DD83FBCC2886 /* Pods.release.xcconfig */,
			);
			name = Pods;
			sourceTree = "<group>";
		};
		B533CE3E1ABD430700907A7C /* Font */ = {
			isa = PBXGroup;
			children = (
				B533CE3B1ABD430300907A7C /* UIFont+OPTheme.h */,
				B533CE3C1ABD430300907A7C /* UIFont+OPTheme.m */,
			);
			name = Font;
			sourceTree = "<group>";
		};
		B533CE3F1ABD431200907A7C /* Color */ = {
			isa = PBXGroup;
			children = (
				B53655C91ABCA8E500626416 /* UIColor+OPTheme.h */,
				B53655CA1ABCA8E500626416 /* UIColor+OPTheme.m */,
			);
			name = Color;
			sourceTree = "<group>";
		};
		B534EACB1AB439BF00EBE3EB /* AddLecture */ = {
			isa = PBXGroup;
			children = (
				B534EAD01AB43A8B00EBE3EB /* AddLectureViewController.h */,
				B534EAD11AB43A8B00EBE3EB /* AddLectureViewController.m */,
				B534EADB1AB474D400EBE3EB /* Cell */,
			);
			name = AddLecture;
			sourceTree = "<group>";
		};
		B534EACC1AB43A1000EBE3EB /* Cell */ = {
			isa = PBXGroup;
			children = (
				B534EACD1AB43A2900EBE3EB /* ServerTimeTableCell.h */,
				B534EACE1AB43A2900EBE3EB /* ServerTimeTableCell.m */,
			);
			name = Cell;
			sourceTree = "<group>";
		};
		B534EAD31AB43B1B00EBE3EB /* SearchLecture */ = {
			isa = PBXGroup;
			children = (
				B534EAD41AB43B3400EBE3EB /* SearchLectureViewController.h */,
				B534EAD51AB43B3400EBE3EB /* SearchLectureViewController.m */,
				B534EAD71AB44D1F00EBE3EB /* Cell */,
			);
			name = SearchLecture;
			sourceTree = "<group>";
		};
		B534EAD71AB44D1F00EBE3EB /* Cell */ = {
			isa = PBXGroup;
			children = (
				B534EAD81AB44D3800EBE3EB /* SearchLectureCell.h */,
				B534EAD91AB44D3800EBE3EB /* SearchLectureCell.m */,
			);
			name = Cell;
			sourceTree = "<group>";
		};
		B534EADB1AB474D400EBE3EB /* Cell */ = {
			isa = PBXGroup;
			children = (
				B534EAF01AB47D8400EBE3EB /* Header */,
				B534EAF21AB47D8F00EBE3EB /* Detail */,
				B534EAF11AB47D8A00EBE3EB /* Footer */,
			);
			name = Cell;
			sourceTree = "<group>";
		};
		B534EAF01AB47D8400EBE3EB /* Header */ = {
			isa = PBXGroup;
			children = (
				B534EAED1AB47D8000EBE3EB /* AddLectureHeaderCell.h */,
				B534EAEE1AB47D8000EBE3EB /* AddLectureHeaderCell.m */,
			);
			name = Header;
			sourceTree = "<group>";
		};
		B534EAF11AB47D8A00EBE3EB /* Footer */ = {
			isa = PBXGroup;
			children = (
				B534EAF31AB47DB100EBE3EB /* AddLectureFooterCell.h */,
				B534EAF41AB47DB100EBE3EB /* AddLectureFooterCell.m */,
			);
			name = Footer;
			sourceTree = "<group>";
		};
		B534EAF21AB47D8F00EBE3EB /* Detail */ = {
			isa = PBXGroup;
			children = (
				B534EAF61AB47DBF00EBE3EB /* AddLectureDetailCell.h */,
				B534EAF71AB47DBF00EBE3EB /* AddLectureDetailCell.m */,
			);
			name = Detail;
			sourceTree = "<group>";
		};
		B53655C81ABCA8BD00626416 /* Theme */ = {
			isa = PBXGroup;
			children = (
				B533CE3F1ABD431200907A7C /* Color */,
				B533CE3E1ABD430700907A7C /* Font */,
				B54C8D4F1ACDAA2400DF2455 /* Image */,
			);
			name = Theme;
			sourceTree = "<group>";
		};
		B54C8D4F1ACDAA2400DF2455 /* Image */ = {
			isa = PBXGroup;
			children = (
				B54C8D4C1ACDAA2000DF2455 /* UIImage+OPTheme.h */,
				B54C8D4D1ACDAA2000DF2455 /* UIImage+OPTheme.m */,
			);
			name = Image;
			sourceTree = "<group>";
		};
		B54C8D6D1ACDB1F300DF2455 /* OPDBit Widget */ = {
			isa = PBXGroup;
			children = (
				B54C8D701ACDB1F300DF2455 /* TodayViewController.h */,
				B54C8D711ACDB1F300DF2455 /* TodayViewController.m */,
				B54C8D731ACDB1F300DF2455 /* MainInterface.storyboard */,
				B54C8D6E1ACDB1F300DF2455 /* Supporting Files */,
			);
			path = "OPDBit Widget";
			sourceTree = "<group>";
		};
		B54C8D6E1ACDB1F300DF2455 /* Supporting Files */ = {
			isa = PBXGroup;
			children = (
				B54C8D6F1ACDB1F300DF2455 /* Info.plist */,
			);
			name = "Supporting Files";
			sourceTree = "<group>";
		};
		B593AA3B1ACC0BA90063F09E /* Resource */ = {
			isa = PBXGroup;
			children = (
				B54C8D421ACDA76900DF2455 /* menu.png */,
				B54C8D431ACDA76900DF2455 /* add.png */,
				B54C8D441ACDA76900DF2455 /* done.png */,
				B54C8D451ACDA76900DF2455 /* search.png */,
				B54C8D461ACDA76900DF2455 /* download.png */,
				B593AA3C1ACC0BBA0063F09E /* on.png */,
				B593AA3D1ACC0BBA0063F09E /* off.png */,
			);
			name = Resource;
			sourceTree = "<group>";
		};
		B593AA401ACC3DB50063F09E /* TimeTableView */ = {
			isa = PBXGroup;
			children = (
				B593AA481ACC58420063F09E /* LectureDetailView */,
				B593AA411ACC3DDF0063F09E /* TimeTableView.h */,
				B593AA421ACC3DDF0063F09E /* TimeTableView.m */,
			);
			name = TimeTableView;
			sourceTree = "<group>";
		};
		B593AA471ACC4E820063F09E /* ShowTimeTable */ = {
			isa = PBXGroup;
			children = (
				B593AA441ACC4E7D0063F09E /* ShowTimeTableViewController.h */,
				B593AA451ACC4E7D0063F09E /* ShowTimeTableViewController.m */,
			);
			name = ShowTimeTable;
			sourceTree = "<group>";
		};
		B593AA481ACC58420063F09E /* LectureDetailView */ = {
			isa = PBXGroup;
			children = (
				B593AA491ACC58610063F09E /* LectureDetailView.h */,
				B593AA4A1ACC58610063F09E /* LectureDetailView.m */,
			);
			name = LectureDetailView;
			sourceTree = "<group>";
		};
		B596826E1AAC2EB7002D6983 = {
			isa = PBXGroup;
			children = (
				B59682791AAC2EB7002D6983 /* OPDBit */,
				B59682931AAC2EB7002D6983 /* OPDBitTests */,
				B54C8D6D1ACDB1F300DF2455 /* OPDBit Widget */,
				B59682781AAC2EB7002D6983 /* Products */,
				50E9E19CC8AB086F75932C27 /* Pods */,
				D50F2B14238F6B1E7CE06FE5 /* Frameworks */,
			);
			sourceTree = "<group>";
		};
		B59682781AAC2EB7002D6983 /* Products */ = {
			isa = PBXGroup;
			children = (
				B59682771AAC2EB7002D6983 /* OPDBit.app */,
				B59682901AAC2EB7002D6983 /* OPDBitTests.xctest */,
				B54C8D6A1ACDB1F200DF2455 /* OPDBit Widget.appex */,
			);
			name = Products;
			sourceTree = "<group>";
		};
		B59682791AAC2EB7002D6983 /* OPDBit */ = {
			isa = PBXGroup;
			children = (
				B593AA401ACC3DB50063F09E /* TimeTableView */,
				B53655C81ABCA8BD00626416 /* Theme */,
				B59682BA1AAC4AC4002D6983 /* Realm Model */,
				B59682AB1AAC3708002D6983 /* ViewController */,
				B596827E1AAC2EB7002D6983 /* AppDelegate.h */,
				B596827F1AAC2EB7002D6983 /* AppDelegate.m */,
				B59682871AAC2EB7002D6983 /* Images.xcassets */,
				B59682891AAC2EB7002D6983 /* LaunchScreen.xib */,
				B59682E11AAC69DC002D6983 /* Utils */,
				B596827A1AAC2EB7002D6983 /* Supporting Files */,
			);
			path = OPDBit;
			sourceTree = "<group>";
		};
		B596827A1AAC2EB7002D6983 /* Supporting Files */ = {
			isa = PBXGroup;
			children = (
				B593AA3B1ACC0BA90063F09E /* Resource */,
				B596827B1AAC2EB7002D6983 /* Info.plist */,
				B596827C1AAC2EB7002D6983 /* main.m */,
			);
			name = "Supporting Files";
			sourceTree = "<group>";
		};
		B59682931AAC2EB7002D6983 /* OPDBitTests */ = {
			isa = PBXGroup;
			children = (
				B59682961AAC2EB7002D6983 /* OPDBitTests.m */,
				B59682941AAC2EB7002D6983 /* Supporting Files */,
			);
			path = OPDBitTests;
			sourceTree = "<group>";
		};
		B59682941AAC2EB7002D6983 /* Supporting Files */ = {
			isa = PBXGroup;
			children = (
				B59682951AAC2EB7002D6983 /* Info.plist */,
			);
			name = "Supporting Files";
			sourceTree = "<group>";
		};
		B59682A31AAC3154002D6983 /* LeftDrawer */ = {
			isa = PBXGroup;
			children = (
				B59682A01AAC314D002D6983 /* OPLeftDrawerViewController.h */,
				B59682A11AAC314D002D6983 /* OPLeftDrawerViewController.m */,
				B59682A81AAC337C002D6983 /* Cell */,
			);
			name = LeftDrawer;
			sourceTree = "<group>";
		};
		B59682A81AAC337C002D6983 /* Cell */ = {
			isa = PBXGroup;
			children = (
				B59682A51AAC3378002D6983 /* OPLeftDrawerTableViewCell.h */,
				B59682A61AAC3378002D6983 /* OPLeftDrawerTableViewCell.m */,
			);
			name = Cell;
			sourceTree = "<group>";
		};
		B59682A91AAC36F8002D6983 /* Lecture */ = {
			isa = PBXGroup;
			children = (
				B59682AC1AAC3741002D6983 /* LectureViewController.h */,
				B59682AD1AAC3741002D6983 /* LectureViewController.m */,
				B59682B21AAC47D3002D6983 /* Cell */,
				B534EACB1AB439BF00EBE3EB /* AddLecture */,
				B534EAD31AB43B1B00EBE3EB /* SearchLecture */,
			);
			name = Lecture;
			sourceTree = "<group>";
		};
		B59682AA1AAC3700002D6983 /* TimeTable */ = {
			isa = PBXGroup;
			children = (
				B59682AF1AAC374D002D6983 /* TimeTableViewController.h */,
				B59682B01AAC374D002D6983 /* TimeTableViewController.m */,
				B59682D81AAC586D002D6983 /* Cell */,
				B59682E21AAC6D7E002D6983 /* AddTimeTable */,
				B59682E61AAC7054002D6983 /* ServerTimeTable */,
			);
			name = TimeTable;
			sourceTree = "<group>";
		};
		B59682AB1AAC3708002D6983 /* ViewController */ = {
			isa = PBXGroup;
			children = (
				B59682AA1AAC3700002D6983 /* TimeTable */,
				B59682A91AAC36F8002D6983 /* Lecture */,
				B593AA471ACC4E820063F09E /* ShowTimeTable */,
				B59682A31AAC3154002D6983 /* LeftDrawer */,
			);
			name = ViewController;
			sourceTree = "<group>";
		};
		B59682B21AAC47D3002D6983 /* Cell */ = {
			isa = PBXGroup;
			children = (
				B59682B31AAC47F0002D6983 /* LectureTableViewCell.h */,
				B59682B41AAC47F0002D6983 /* LectureTableViewCell.m */,
			);
			name = Cell;
			sourceTree = "<group>";
		};
		B59682B61AAC4A76002D6983 /* DataManager */ = {
			isa = PBXGroup;
			children = (
				B59682B71AAC4A8E002D6983 /* DataManager.h */,
				B59682B81AAC4A8E002D6983 /* DataManager.m */,
			);
			name = DataManager;
			sourceTree = "<group>";
		};
		B59682BA1AAC4AC4002D6983 /* Realm Model */ = {
			isa = PBXGroup;
			children = (
				B59682CE1AAC4E00002D6983 /* ServerTimeTable */,
				B59682CD1AAC4DA9002D6983 /* ServerSchool */,
				B59682CC1AAC4D82002D6983 /* ServerLecture */,
				B59682BF1AAC4CBC002D6983 /* TimeTable */,
				B59682BE1AAC4CB7002D6983 /* Lecture */,
				B59682C41AAC4D1B002D6983 /* LectureDetail */,
			);
			name = "Realm Model";
			sourceTree = "<group>";
		};
		B59682BE1AAC4CB7002D6983 /* Lecture */ = {
			isa = PBXGroup;
			children = (
				B59682BB1AAC4AD9002D6983 /* LectureObject.h */,
				B59682BC1AAC4AD9002D6983 /* LectureObject.m */,
			);
			name = Lecture;
			sourceTree = "<group>";
		};
		B59682BF1AAC4CBC002D6983 /* TimeTable */ = {
			isa = PBXGroup;
			children = (
				B59682C01AAC4CDB002D6983 /* TimeTableObject.h */,
				B59682C11AAC4CDB002D6983 /* TimeTableObject.m */,
			);
			name = TimeTable;
			sourceTree = "<group>";
		};
		B59682C41AAC4D1B002D6983 /* LectureDetail */ = {
			isa = PBXGroup;
			children = (
				B59682C51AAC4D2F002D6983 /* LectureDetailObject.h */,
				B59682C61AAC4D2F002D6983 /* LectureDetailObject.m */,
			);
			name = LectureDetail;
			sourceTree = "<group>";
		};
		B59682CC1AAC4D82002D6983 /* ServerLecture */ = {
			isa = PBXGroup;
			children = (
				B59682CF1AAC4E12002D6983 /* ServerLectureObject.h */,
				B59682D01AAC4E12002D6983 /* ServerLectureObject.m */,
			);
			name = ServerLecture;
			sourceTree = "<group>";
		};
		B59682CD1AAC4DA9002D6983 /* ServerSchool */ = {
			isa = PBXGroup;
			children = (
				B59682D21AAC4E1B002D6983 /* ServerSchoolObject.h */,
				B59682D31AAC4E1B002D6983 /* ServerSchoolObject.m */,
			);
			name = ServerSchool;
			sourceTree = "<group>";
		};
		B59682CE1AAC4E00002D6983 /* ServerTimeTable */ = {
			isa = PBXGroup;
			children = (
				B59682D51AAC4E27002D6983 /* ServerTimeTableObject.h */,
				B59682D61AAC4E27002D6983 /* ServerTimeTableObject.m */,
			);
			name = ServerTimeTable;
			sourceTree = "<group>";
		};
		B59682D81AAC586D002D6983 /* Cell */ = {
			isa = PBXGroup;
			children = (
				B59682D91AAC5892002D6983 /* TimeTableCell.h */,
				B59682DA1AAC5892002D6983 /* TimeTableCell.m */,
			);
			name = Cell;
			sourceTree = "<group>";
		};
		B59682DC1AAC69B1002D6983 /* NetworkManager */ = {
			isa = PBXGroup;
			children = (
				B59682DD1AAC69CE002D6983 /* NetworkManager.h */,
				B59682DE1AAC69CE002D6983 /* NetworkManager.m */,
			);
			name = NetworkManager;
			sourceTree = "<group>";
		};
		B59682E01AAC69D5002D6983 /* Manager */ = {
			isa = PBXGroup;
			children = (
				B59682DC1AAC69B1002D6983 /* NetworkManager */,
				B59682B61AAC4A76002D6983 /* DataManager */,
			);
			name = Manager;
			sourceTree = "<group>";
		};
		B59682E11AAC69DC002D6983 /* Utils */ = {
			isa = PBXGroup;
			children = (
				B59682E01AAC69D5002D6983 /* Manager */,
			);
			name = Utils;
			sourceTree = "<group>";
		};
		B59682E21AAC6D7E002D6983 /* AddTimeTable */ = {
			isa = PBXGroup;
			children = (
				B59682E31AAC6DC2002D6983 /* AddTimeTableViewController.h */,
				B59682E41AAC6DC2002D6983 /* AddTimeTableViewController.m */,
			);
			name = AddTimeTable;
			sourceTree = "<group>";
		};
		B59682E61AAC7054002D6983 /* ServerTimeTable */ = {
			isa = PBXGroup;
			children = (
				B59682E71AAC7069002D6983 /* ServerTimeTableViewController.h */,
				B59682E81AAC7069002D6983 /* ServerTimeTableViewController.m */,
				B534EACC1AB43A1000EBE3EB /* Cell */,
				B59682EA1AAC7B1C002D6983 /* DownloadServerTimeTable */,
			);
			name = ServerTimeTable;
			sourceTree = "<group>";
		};
		B59682EA1AAC7B1C002D6983 /* DownloadServerTimeTable */ = {
			isa = PBXGroup;
			children = (
				B59682EB1AAC7B37002D6983 /* DownloadServerTimeTableViewController.h */,
				B59682EC1AAC7B37002D6983 /* DownloadServerTimeTableViewController.m */,
			);
			name = DownloadServerTimeTable;
			sourceTree = "<group>";
		};
		D50F2B14238F6B1E7CE06FE5 /* Frameworks */ = {
			isa = PBXGroup;
			children = (
				7AC2BC34DD53E7F748851752 /* libPods.a */,
				B54C8D6B1ACDB1F300DF2455 /* NotificationCenter.framework */,
			);
			name = Frameworks;
			sourceTree = "<group>";
		};
/* End PBXGroup section */

/* Begin PBXNativeTarget section */
		B54C8D691ACDB1F200DF2455 /* OPDBit Widget */ = {
			isa = PBXNativeTarget;
			buildConfigurationList = B54C8D7A1ACDB1F300DF2455 /* Build configuration list for PBXNativeTarget "OPDBit Widget" */;
			buildPhases = (
				B54C8D661ACDB1F200DF2455 /* Sources */,
				B54C8D671ACDB1F200DF2455 /* Frameworks */,
				B54C8D681ACDB1F200DF2455 /* Resources */,
			);
			buildRules = (
			);
			dependencies = (
			);
			name = "OPDBit Widget";
			productName = "OPDBit Widget";
			productReference = B54C8D6A1ACDB1F200DF2455 /* OPDBit Widget.appex */;
			productType = "com.apple.product-type.app-extension";
		};
		B59682761AAC2EB7002D6983 /* OPDBit */ = {
			isa = PBXNativeTarget;
			buildConfigurationList = B596829A1AAC2EB7002D6983 /* Build configuration list for PBXNativeTarget "OPDBit" */;
			buildPhases = (
				3D8A83E41B6E34A5A9FD29F2 /* Check Pods Manifest.lock */,
				B59682731AAC2EB7002D6983 /* Sources */,
				B59682741AAC2EB7002D6983 /* Frameworks */,
				B59682751AAC2EB7002D6983 /* Resources */,
				656F88DC312AB4CE62D717DF /* Copy Pods Resources */,
				B54C8D7B1ACDB1F300DF2455 /* Embed App Extensions */,
			);
			buildRules = (
			);
			dependencies = (
				B54C8D761ACDB1F300DF2455 /* PBXTargetDependency */,
			);
			name = OPDBit;
			productName = OPDBit;
			productReference = B59682771AAC2EB7002D6983 /* OPDBit.app */;
			productType = "com.apple.product-type.application";
		};
		B596828F1AAC2EB7002D6983 /* OPDBitTests */ = {
			isa = PBXNativeTarget;
			buildConfigurationList = B596829D1AAC2EB7002D6983 /* Build configuration list for PBXNativeTarget "OPDBitTests" */;
			buildPhases = (
				B596828C1AAC2EB7002D6983 /* Sources */,
				B596828D1AAC2EB7002D6983 /* Frameworks */,
				B596828E1AAC2EB7002D6983 /* Resources */,
			);
			buildRules = (
			);
			dependencies = (
				B59682921AAC2EB7002D6983 /* PBXTargetDependency */,
			);
			name = OPDBitTests;
			productName = OPDBitTests;
			productReference = B59682901AAC2EB7002D6983 /* OPDBitTests.xctest */;
			productType = "com.apple.product-type.bundle.unit-test";
		};
/* End PBXNativeTarget section */

/* Begin PBXProject section */
		B596826F1AAC2EB7002D6983 /* Project object */ = {
			isa = PBXProject;
			attributes = {
				LastUpgradeCheck = 0610;
				ORGANIZATIONNAME = Minz;
				TargetAttributes = {
					B54C8D691ACDB1F200DF2455 = {
						CreatedOnToolsVersion = 6.1;
					};
					B59682761AAC2EB7002D6983 = {
						CreatedOnToolsVersion = 6.1;
					};
					B596828F1AAC2EB7002D6983 = {
						CreatedOnToolsVersion = 6.1;
						TestTargetID = B59682761AAC2EB7002D6983;
					};
				};
			};
			buildConfigurationList = B59682721AAC2EB7002D6983 /* Build configuration list for PBXProject "OPDBit" */;
			compatibilityVersion = "Xcode 3.2";
			developmentRegion = English;
			hasScannedForEncodings = 0;
			knownRegions = (
				en,
				Base,
			);
			mainGroup = B596826E1AAC2EB7002D6983;
			productRefGroup = B59682781AAC2EB7002D6983 /* Products */;
			projectDirPath = "";
			projectRoot = "";
			targets = (
				B59682761AAC2EB7002D6983 /* OPDBit */,
				B596828F1AAC2EB7002D6983 /* OPDBitTests */,
				B54C8D691ACDB1F200DF2455 /* OPDBit Widget */,
			);
		};
/* End PBXProject section */

/* Begin PBXResourcesBuildPhase section */
		B54C8D681ACDB1F200DF2455 /* Resources */ = {
			isa = PBXResourcesBuildPhase;
			buildActionMask = 2147483647;
			files = (
				B54C8D741ACDB1F300DF2455 /* MainInterface.storyboard in Resources */,
				B5BE82531ACDB8EC009B5DB9 /* Images.xcassets in Resources */,
			);
			runOnlyForDeploymentPostprocessing = 0;
		};
		B59682751AAC2EB7002D6983 /* Resources */ = {
			isa = PBXResourcesBuildPhase;
			buildActionMask = 2147483647;
			files = (
				B596828B1AAC2EB7002D6983 /* LaunchScreen.xib in Resources */,
				B5BE82501ACDB866009B5DB9 /* MainInterface.storyboard in Resources */,
				B54C8D471ACDA76900DF2455 /* menu.png in Resources */,
				B593AA3F1ACC0BBA0063F09E /* off.png in Resources */,
				B54C8D4A1ACDA76900DF2455 /* search.png in Resources */,
				B54C8D491ACDA76900DF2455 /* done.png in Resources */,
				B54C8D4B1ACDA76900DF2455 /* download.png in Resources */,
				B54C8D481ACDA76900DF2455 /* add.png in Resources */,
				B59682881AAC2EB7002D6983 /* Images.xcassets in Resources */,
				B593AA3E1ACC0BBA0063F09E /* on.png in Resources */,
			);
			runOnlyForDeploymentPostprocessing = 0;
		};
		B596828E1AAC2EB7002D6983 /* Resources */ = {
			isa = PBXResourcesBuildPhase;
			buildActionMask = 2147483647;
			files = (
			);
			runOnlyForDeploymentPostprocessing = 0;
		};
/* End PBXResourcesBuildPhase section */

/* Begin PBXShellScriptBuildPhase section */
		3D8A83E41B6E34A5A9FD29F2 /* Check Pods Manifest.lock */ = {
			isa = PBXShellScriptBuildPhase;
			buildActionMask = 8;
			files = (
			);
			inputPaths = (
			);
			name = "Check Pods Manifest.lock";
			outputPaths = (
			);
			runOnlyForDeploymentPostprocessing = 1;
			shellPath = /bin/sh;
			shellScript = "diff \"${PODS_ROOT}/../Podfile.lock\" \"${PODS_ROOT}/Manifest.lock\" > /dev/null\nif [[ $? != 0 ]] ; then\n    cat << EOM\nerror: The sandbox is not in sync with the Podfile.lock. Run 'pod install' or update your CocoaPods installation.\nEOM\n    exit 1\nfi\n";
			showEnvVarsInLog = 0;
		};
		656F88DC312AB4CE62D717DF /* Copy Pods Resources */ = {
			isa = PBXShellScriptBuildPhase;
			buildActionMask = 8;
			files = (
			);
			inputPaths = (
			);
			name = "Copy Pods Resources";
			outputPaths = (
			);
			runOnlyForDeploymentPostprocessing = 1;
			shellPath = /bin/sh;
			shellScript = "\"${SRCROOT}/Pods/Target Support Files/Pods/Pods-resources.sh\"\n";
			showEnvVarsInLog = 0;
		};
/* End PBXShellScriptBuildPhase section */

/* Begin PBXSourcesBuildPhase section */
		B54C8D661ACDB1F200DF2455 /* Sources */ = {
			isa = PBXSourcesBuildPhase;
			buildActionMask = 2147483647;
			files = (
				B54C8D721ACDB1F300DF2455 /* TodayViewController.m in Sources */,
			);
			runOnlyForDeploymentPostprocessing = 0;
		};
		B59682731AAC2EB7002D6983 /* Sources */ = {
			isa = PBXSourcesBuildPhase;
			buildActionMask = 2147483647;
			files = (
				B534EADA1AB44D3800EBE3EB /* SearchLectureCell.m in Sources */,
				B534EAF51AB47DB100EBE3EB /* AddLectureFooterCell.m in Sources */,
				B59682DB1AAC5892002D6983 /* TimeTableCell.m in Sources */,
				B5BE82511ACDB8A3009B5DB9 /* TodayViewController.m in Sources */,
				B59682C21AAC4CDC002D6983 /* TimeTableObject.m in Sources */,
				B59682A71AAC3378002D6983 /* OPLeftDrawerTableViewCell.m in Sources */,
				B59682E51AAC6DC2002D6983 /* AddTimeTableViewController.m in Sources */,
				B59682D11AAC4E12002D6983 /* ServerLectureObject.m in Sources */,
				B593AA461ACC4E7D0063F09E /* ShowTimeTableViewController.m in Sources */,
				B59682BD1AAC4AD9002D6983 /* LectureObject.m in Sources */,
				B59682D41AAC4E1B002D6983 /* ServerSchoolObject.m in Sources */,
				B54C8D4E1ACDAA2000DF2455 /* UIImage+OPTheme.m in Sources */,
				B59682B51AAC47F0002D6983 /* LectureTableViewCell.m in Sources */,
				B53655CB1ABCA8E500626416 /* UIColor+OPTheme.m in Sources */,
				B59682801AAC2EB7002D6983 /* AppDelegate.m in Sources */,
				B59682AE1AAC3741002D6983 /* LectureViewController.m in Sources */,
				B593AA431ACC3DDF0063F09E /* TimeTableView.m in Sources */,
				B59682ED1AAC7B37002D6983 /* DownloadServerTimeTableViewController.m in Sources */,
				B59682C71AAC4D2F002D6983 /* LectureDetailObject.m in Sources */,
				B59682A21AAC314D002D6983 /* OPLeftDrawerViewController.m in Sources */,
				B59682DF1AAC69CE002D6983 /* NetworkManager.m in Sources */,
				B534EAD21AB43A8B00EBE3EB /* AddLectureViewController.m in Sources */,
				B534EAF81AB47DBF00EBE3EB /* AddLectureDetailCell.m in Sources */,
				B59682B91AAC4A8E002D6983 /* DataManager.m in Sources */,
				B59682E91AAC7069002D6983 /* ServerTimeTableViewController.m in Sources */,
				B533CE3D1ABD430300907A7C /* UIFont+OPTheme.m in Sources */,
				B534EAEF1AB47D8000EBE3EB /* AddLectureHeaderCell.m in Sources */,
				B59682B11AAC374D002D6983 /* TimeTableViewController.m in Sources */,
				B593AA4B1ACC58610063F09E /* LectureDetailView.m in Sources */,
				B534EACF1AB43A2900EBE3EB /* ServerTimeTableCell.m in Sources */,
				B59682D71AAC4E27002D6983 /* ServerTimeTableObject.m in Sources */,
				B596827D1AAC2EB7002D6983 /* main.m in Sources */,
				B534EAD61AB43B3400EBE3EB /* SearchLectureViewController.m in Sources */,
			);
			runOnlyForDeploymentPostprocessing = 0;
		};
		B596828C1AAC2EB7002D6983 /* Sources */ = {
			isa = PBXSourcesBuildPhase;
			buildActionMask = 2147483647;
			files = (
				B5BE82521ACDB8A4009B5DB9 /* TodayViewController.m in Sources */,
				B59682971AAC2EB7002D6983 /* OPDBitTests.m in Sources */,
			);
			runOnlyForDeploymentPostprocessing = 0;
		};
/* End PBXSourcesBuildPhase section */

/* Begin PBXTargetDependency section */
		B54C8D761ACDB1F300DF2455 /* PBXTargetDependency */ = {
			isa = PBXTargetDependency;
			target = B54C8D691ACDB1F200DF2455 /* OPDBit Widget */;
			targetProxy = B54C8D751ACDB1F300DF2455 /* PBXContainerItemProxy */;
		};
		B59682921AAC2EB7002D6983 /* PBXTargetDependency */ = {
			isa = PBXTargetDependency;
			target = B59682761AAC2EB7002D6983 /* OPDBit */;
			targetProxy = B59682911AAC2EB7002D6983 /* PBXContainerItemProxy */;
		};
/* End PBXTargetDependency section */

/* Begin PBXVariantGroup section */
		B59682891AAC2EB7002D6983 /* LaunchScreen.xib */ = {
			isa = PBXVariantGroup;
			children = (
				B596828A1AAC2EB7002D6983 /* Base */,
			);
			name = LaunchScreen.xib;
			sourceTree = "<group>";
		};
/* End PBXVariantGroup section */

/* Begin XCBuildConfiguration section */
		B54C8D781ACDB1F300DF2455 /* Debug */ = {
			isa = XCBuildConfiguration;
			buildSettings = {
				GCC_PREPROCESSOR_DEFINITIONS = (
					"DEBUG=1",
					"$(inherited)",
				);
				INFOPLIST_FILE = "OPDBit Widget/Info.plist";
				LD_RUNPATH_SEARCH_PATHS = "$(inherited) @executable_path/Frameworks @executable_path/../../Frameworks";
				PRODUCT_NAME = "$(TARGET_NAME)";
				SKIP_INSTALL = YES;
			};
			name = Debug;
		};
		B54C8D791ACDB1F300DF2455 /* Release */ = {
			isa = XCBuildConfiguration;
			buildSettings = {
				INFOPLIST_FILE = "OPDBit Widget/Info.plist";
				LD_RUNPATH_SEARCH_PATHS = "$(inherited) @executable_path/Frameworks @executable_path/../../Frameworks";
				PRODUCT_NAME = "$(TARGET_NAME)";
				SKIP_INSTALL = YES;
			};
			name = Release;
		};
		B59682981AAC2EB7002D6983 /* Debug */ = {
			isa = XCBuildConfiguration;
			buildSettings = {
				ALWAYS_SEARCH_USER_PATHS = NO;
				CLANG_CXX_LANGUAGE_STANDARD = "gnu++0x";
				CLANG_CXX_LIBRARY = "libc++";
				CLANG_ENABLE_MODULES = YES;
				CLANG_ENABLE_OBJC_ARC = YES;
				CLANG_WARN_BOOL_CONVERSION = YES;
				CLANG_WARN_CONSTANT_CONVERSION = YES;
				CLANG_WARN_DIRECT_OBJC_ISA_USAGE = YES_ERROR;
				CLANG_WARN_EMPTY_BODY = YES;
				CLANG_WARN_ENUM_CONVERSION = YES;
				CLANG_WARN_INT_CONVERSION = YES;
				CLANG_WARN_OBJC_ROOT_CLASS = YES_ERROR;
				CLANG_WARN_UNREACHABLE_CODE = YES;
				CLANG_WARN__DUPLICATE_METHOD_MATCH = YES;
				"CODE_SIGN_IDENTITY[sdk=iphoneos*]" = "iPhone Developer";
				COPY_PHASE_STRIP = NO;
				ENABLE_STRICT_OBJC_MSGSEND = YES;
				GCC_C_LANGUAGE_STANDARD = gnu99;
				GCC_DYNAMIC_NO_PIC = NO;
				GCC_OPTIMIZATION_LEVEL = 0;
				GCC_PREPROCESSOR_DEFINITIONS = (
					"DEBUG=1",
					"$(inherited)",
				);
				GCC_SYMBOLS_PRIVATE_EXTERN = NO;
				GCC_WARN_64_TO_32_BIT_CONVERSION = YES;
				GCC_WARN_ABOUT_RETURN_TYPE = YES_ERROR;
				GCC_WARN_UNDECLARED_SELECTOR = YES;
				GCC_WARN_UNINITIALIZED_AUTOS = YES_AGGRESSIVE;
				GCC_WARN_UNUSED_FUNCTION = YES;
				GCC_WARN_UNUSED_VARIABLE = YES;
				IPHONEOS_DEPLOYMENT_TARGET = 8.1;
				MTL_ENABLE_DEBUG_INFO = YES;
				ONLY_ACTIVE_ARCH = YES;
				SDKROOT = iphoneos;
			};
			name = Debug;
		};
		B59682991AAC2EB7002D6983 /* Release */ = {
			isa = XCBuildConfiguration;
			buildSettings = {
				ALWAYS_SEARCH_USER_PATHS = NO;
				CLANG_CXX_LANGUAGE_STANDARD = "gnu++0x";
				CLANG_CXX_LIBRARY = "libc++";
				CLANG_ENABLE_MODULES = YES;
				CLANG_ENABLE_OBJC_ARC = YES;
				CLANG_WARN_BOOL_CONVERSION = YES;
				CLANG_WARN_CONSTANT_CONVERSION = YES;
				CLANG_WARN_DIRECT_OBJC_ISA_USAGE = YES_ERROR;
				CLANG_WARN_EMPTY_BODY = YES;
				CLANG_WARN_ENUM_CONVERSION = YES;
				CLANG_WARN_INT_CONVERSION = YES;
				CLANG_WARN_OBJC_ROOT_CLASS = YES_ERROR;
				CLANG_WARN_UNREACHABLE_CODE = YES;
				CLANG_WARN__DUPLICATE_METHOD_MATCH = YES;
				"CODE_SIGN_IDENTITY[sdk=iphoneos*]" = "iPhone Developer";
				COPY_PHASE_STRIP = YES;
				ENABLE_NS_ASSERTIONS = NO;
				ENABLE_STRICT_OBJC_MSGSEND = YES;
				GCC_C_LANGUAGE_STANDARD = gnu99;
				GCC_WARN_64_TO_32_BIT_CONVERSION = YES;
				GCC_WARN_ABOUT_RETURN_TYPE = YES_ERROR;
				GCC_WARN_UNDECLARED_SELECTOR = YES;
				GCC_WARN_UNINITIALIZED_AUTOS = YES_AGGRESSIVE;
				GCC_WARN_UNUSED_FUNCTION = YES;
				GCC_WARN_UNUSED_VARIABLE = YES;
				IPHONEOS_DEPLOYMENT_TARGET = 8.1;
				MTL_ENABLE_DEBUG_INFO = NO;
				SDKROOT = iphoneos;
				VALIDATE_PRODUCT = YES;
			};
			name = Release;
		};
		B596829B1AAC2EB7002D6983 /* Debug */ = {
			isa = XCBuildConfiguration;
			baseConfigurationReference = FF3D7F73A7E4E3ECBE61BFEB /* Pods.debug.xcconfig */;
			buildSettings = {
				ASSETCATALOG_COMPILER_APPICON_NAME = AppIcon;
				INFOPLIST_FILE = OPDBit/Info.plist;
				IPHONEOS_DEPLOYMENT_TARGET = 7.0;
				LD_RUNPATH_SEARCH_PATHS = "$(inherited) @executable_path/Frameworks";
				PRODUCT_NAME = "$(TARGET_NAME)";
			};
			name = Debug;
		};
		B596829C1AAC2EB7002D6983 /* Release */ = {
			isa = XCBuildConfiguration;
			baseConfigurationReference = 36B226D3E967DD83FBCC2886 /* Pods.release.xcconfig */;
			buildSettings = {
				ASSETCATALOG_COMPILER_APPICON_NAME = AppIcon;
				INFOPLIST_FILE = OPDBit/Info.plist;
				IPHONEOS_DEPLOYMENT_TARGET = 7.0;
				LD_RUNPATH_SEARCH_PATHS = "$(inherited) @executable_path/Frameworks";
				PRODUCT_NAME = "$(TARGET_NAME)";
			};
			name = Release;
		};
		B596829E1AAC2EB7002D6983 /* Debug */ = {
			isa = XCBuildConfiguration;
			buildSettings = {
				BUNDLE_LOADER = "$(TEST_HOST)";
				FRAMEWORK_SEARCH_PATHS = (
					"$(SDKROOT)/Developer/Library/Frameworks",
					"$(inherited)",
				);
				GCC_PREPROCESSOR_DEFINITIONS = (
					"DEBUG=1",
					"$(inherited)",
				);
				INFOPLIST_FILE = OPDBitTests/Info.plist;
				LD_RUNPATH_SEARCH_PATHS = "$(inherited) @executable_path/Frameworks @loader_path/Frameworks";
				PRODUCT_NAME = "$(TARGET_NAME)";
				TEST_HOST = "$(BUILT_PRODUCTS_DIR)/OPDBit.app/OPDBit";
			};
			name = Debug;
		};
		B596829F1AAC2EB7002D6983 /* Release */ = {
			isa = XCBuildConfiguration;
			buildSettings = {
				BUNDLE_LOADER = "$(TEST_HOST)";
				FRAMEWORK_SEARCH_PATHS = (
					"$(SDKROOT)/Developer/Library/Frameworks",
					"$(inherited)",
				);
				INFOPLIST_FILE = OPDBitTests/Info.plist;
				LD_RUNPATH_SEARCH_PATHS = "$(inherited) @executable_path/Frameworks @loader_path/Frameworks";
				PRODUCT_NAME = "$(TARGET_NAME)";
				TEST_HOST = "$(BUILT_PRODUCTS_DIR)/OPDBit.app/OPDBit";
			};
			name = Release;
		};
/* End XCBuildConfiguration section */

/* Begin XCConfigurationList section */
		B54C8D7A1ACDB1F300DF2455 /* Build configuration list for PBXNativeTarget "OPDBit Widget" */ = {
			isa = XCConfigurationList;
			buildConfigurations = (
				B54C8D781ACDB1F300DF2455 /* Debug */,
				B54C8D791ACDB1F300DF2455 /* Release */,
			);
			defaultConfigurationIsVisible = 0;
			defaultConfigurationName = Release;
		};
		B59682721AAC2EB7002D6983 /* Build configuration list for PBXProject "OPDBit" */ = {
			isa = XCConfigurationList;
			buildConfigurations = (
				B59682981AAC2EB7002D6983 /* Debug */,
				B59682991AAC2EB7002D6983 /* Release */,
			);
			defaultConfigurationIsVisible = 0;
			defaultConfigurationName = Release;
		};
		B596829A1AAC2EB7002D6983 /* Build configuration list for PBXNativeTarget "OPDBit" */ = {
			isa = XCConfigurationList;
			buildConfigurations = (
				B596829B1AAC2EB7002D6983 /* Debug */,
				B596829C1AAC2EB7002D6983 /* Release */,
			);
			defaultConfigurationIsVisible = 0;
			defaultConfigurationName = Release;
		};
		B596829D1AAC2EB7002D6983 /* Build configuration list for PBXNativeTarget "OPDBitTests" */ = {
			isa = XCConfigurationList;
			buildConfigurations = (
				B596829E1AAC2EB7002D6983 /* Debug */,
				B596829F1AAC2EB7002D6983 /* Release */,
			);
			defaultConfigurationIsVisible = 0;
			defaultConfigurationName = Release;
		};
/* End XCConfigurationList section */
	};
	rootObject = B596826F1AAC2EB7002D6983 /* Project object */;
}
