// !$*UTF8*$!
{
	archiveVersion = 1;
	classes = {
	};
	objectVersion = 46;
	objects = {

/* Begin PBXBuildFile section */
		00CC235C5197B325A5DB3531 /* libPods.a in Frameworks */ = {isa = PBXBuildFile; fileRef = 7AC2BC34DD53E7F748851752 /* libPods.a */; };
		B51438461ACFCA7A00EED7A5 /* NotificationCenter.framework in Frameworks */ = {isa = PBXBuildFile; fileRef = B54C8D6B1ACDB1F300DF2455 /* NotificationCenter.framework */; };
		B514384C1ACFCA7A00EED7A5 /* TodayViewController.m in Sources */ = {isa = PBXBuildFile; fileRef = B514384B1ACFCA7A00EED7A5 /* TodayViewController.m */; };
		B514384E1ACFCA7A00EED7A5 /* MainInterface.storyboard in Resources */ = {isa = PBXBuildFile; fileRef = B514384D1ACFCA7A00EED7A5 /* MainInterface.storyboard */; };
		B51438511ACFCA7A00EED7A5 /* TimeTableWidget.appex in Embed App Extensions */ = {isa = PBXBuildFile; fileRef = B51438451ACFCA7900EED7A5 /* TimeTableWidget.appex */; settings = {ATTRIBUTES = (RemoveHeadersOnCopy, ); }; };
		B52C3E5A1AD04853001BB5B8 /* done.png in Resources */ = {isa = PBXBuildFile; fileRef = B52C3E4E1AD04853001BB5B8 /* done.png */; };
		B52C3E5B1AD04853001BB5B8 /* done@2x.png in Resources */ = {isa = PBXBuildFile; fileRef = B52C3E4F1AD04853001BB5B8 /* done@2x.png */; };
		B52C3E5C1AD04853001BB5B8 /* done@3x.png in Resources */ = {isa = PBXBuildFile; fileRef = B52C3E501AD04853001BB5B8 /* done@3x.png */; };
		B52C3E5D1AD04853001BB5B8 /* download.png in Resources */ = {isa = PBXBuildFile; fileRef = B52C3E511AD04853001BB5B8 /* download.png */; };
		B52C3E5E1AD04853001BB5B8 /* download@2x.png in Resources */ = {isa = PBXBuildFile; fileRef = B52C3E521AD04853001BB5B8 /* download@2x.png */; };
		B52C3E5F1AD04853001BB5B8 /* download@3x.png in Resources */ = {isa = PBXBuildFile; fileRef = B52C3E531AD04853001BB5B8 /* download@3x.png */; };
		B52C3E601AD04853001BB5B8 /* menu.png in Resources */ = {isa = PBXBuildFile; fileRef = B52C3E541AD04853001BB5B8 /* menu.png */; };
		B52C3E611AD04853001BB5B8 /* menu@2x.png in Resources */ = {isa = PBXBuildFile; fileRef = B52C3E551AD04853001BB5B8 /* menu@2x.png */; };
		B52C3E621AD04853001BB5B8 /* menu@3x.png in Resources */ = {isa = PBXBuildFile; fileRef = B52C3E561AD04853001BB5B8 /* menu@3x.png */; };
		B52C3E631AD04853001BB5B8 /* search.png in Resources */ = {isa = PBXBuildFile; fileRef = B52C3E571AD04853001BB5B8 /* search.png */; };
		B52C3E641AD04853001BB5B8 /* search@2x.png in Resources */ = {isa = PBXBuildFile; fileRef = B52C3E581AD04853001BB5B8 /* search@2x.png */; };
		B52C3E651AD04853001BB5B8 /* search@3x.png in Resources */ = {isa = PBXBuildFile; fileRef = B52C3E591AD04853001BB5B8 /* search@3x.png */; };
		B533CE3D1ABD430300907A7C /* UIFont+OPTheme.m in Sources */ = {isa = PBXBuildFile; fileRef = B533CE3C1ABD430300907A7C /* UIFont+OPTheme.m */; };
		B534EAD21AB43A8B00EBE3EB /* AddLectureViewController.m in Sources */ = {isa = PBXBuildFile; fileRef = B534EAD11AB43A8B00EBE3EB /* AddLectureViewController.m */; };
		B534EAD61AB43B3400EBE3EB /* SearchLectureViewController.m in Sources */ = {isa = PBXBuildFile; fileRef = B534EAD51AB43B3400EBE3EB /* SearchLectureViewController.m */; };
		B534EADA1AB44D3800EBE3EB /* SearchLectureCell.m in Sources */ = {isa = PBXBuildFile; fileRef = B534EAD91AB44D3800EBE3EB /* SearchLectureCell.m */; };
		B534EAEF1AB47D8000EBE3EB /* AddLectureHeaderCell.m in Sources */ = {isa = PBXBuildFile; fileRef = B534EAEE1AB47D8000EBE3EB /* AddLectureHeaderCell.m */; };
		B534EAF51AB47DB100EBE3EB /* AddLectureFooterCell.m in Sources */ = {isa = PBXBuildFile; fileRef = B534EAF41AB47DB100EBE3EB /* AddLectureFooterCell.m */; };
		B534EAF81AB47DBF00EBE3EB /* AddLectureDetailCell.m in Sources */ = {isa = PBXBuildFile; fileRef = B534EAF71AB47DBF00EBE3EB /* AddLectureDetailCell.m */; };
		B53655CB1ABCA8E500626416 /* UIColor+OPTheme.m in Sources */ = {isa = PBXBuildFile; fileRef = B53655CA1ABCA8E500626416 /* UIColor+OPTheme.m */; };
		B5530B2A1AECE5AE0096F39C /* Crashlytics.framework in Frameworks */ = {isa = PBXBuildFile; fileRef = B5530B281AECE5AE0096F39C /* Crashlytics.framework */; };
		B5530B2B1AECE5AE0096F39C /* Fabric.framework in Frameworks */ = {isa = PBXBuildFile; fileRef = B5530B291AECE5AE0096F39C /* Fabric.framework */; };
		B593AA3E1ACC0BBA0063F09E /* on.png in Resources */ = {isa = PBXBuildFile; fileRef = B593AA3C1ACC0BBA0063F09E /* on.png */; };
		B593AA3F1ACC0BBA0063F09E /* off.png in Resources */ = {isa = PBXBuildFile; fileRef = B593AA3D1ACC0BBA0063F09E /* off.png */; };
		B593AA431ACC3DDF0063F09E /* TimeTableView.m in Sources */ = {isa = PBXBuildFile; fileRef = B593AA421ACC3DDF0063F09E /* TimeTableView.m */; };
		B593AA461ACC4E7D0063F09E /* ShowTimeTableViewController.m in Sources */ = {isa = PBXBuildFile; fileRef = B593AA451ACC4E7D0063F09E /* ShowTimeTableViewController.m */; };
		B593AA4B1ACC58610063F09E /* LectureDetailView.m in Sources */ = {isa = PBXBuildFile; fileRef = B593AA4A1ACC58610063F09E /* LectureDetailView.m */; };
		B596827D1AAC2EB7002D6983 /* main.m in Sources */ = {isa = PBXBuildFile; fileRef = B596827C1AAC2EB7002D6983 /* main.m */; };
		B59682801AAC2EB7002D6983 /* AppDelegate.m in Sources */ = {isa = PBXBuildFile; fileRef = B596827F1AAC2EB7002D6983 /* AppDelegate.m */; };
		B59682881AAC2EB7002D6983 /* Images.xcassets in Resources */ = {isa = PBXBuildFile; fileRef = B59682871AAC2EB7002D6983 /* Images.xcassets */; };
		B596828B1AAC2EB7002D6983 /* LaunchScreen.xib in Resources */ = {isa = PBXBuildFile; fileRef = B59682891AAC2EB7002D6983 /* LaunchScreen.xib */; };
		B59682A21AAC314D002D6983 /* OPLeftDrawerViewController.m in Sources */ = {isa = PBXBuildFile; fileRef = B59682A11AAC314D002D6983 /* OPLeftDrawerViewController.m */; };
		B59682A71AAC3378002D6983 /* OPLeftDrawerTableViewCell.m in Sources */ = {isa = PBXBuildFile; fileRef = B59682A61AAC3378002D6983 /* OPLeftDrawerTableViewCell.m */; };
		B59682AE1AAC3741002D6983 /* LectureViewController.m in Sources */ = {isa = PBXBuildFile; fileRef = B59682AD1AAC3741002D6983 /* LectureViewController.m */; };
		B59682B11AAC374D002D6983 /* TimeTableViewController.m in Sources */ = {isa = PBXBuildFile; fileRef = B59682B01AAC374D002D6983 /* TimeTableViewController.m */; };
		B59682B51AAC47F0002D6983 /* LectureTableViewCell.m in Sources */ = {isa = PBXBuildFile; fileRef = B59682B41AAC47F0002D6983 /* LectureTableViewCell.m */; };
		B59682B91AAC4A8E002D6983 /* DataManager.m in Sources */ = {isa = PBXBuildFile; fileRef = B59682B81AAC4A8E002D6983 /* DataManager.m */; };
		B59682BD1AAC4AD9002D6983 /* LectureObject.m in Sources */ = {isa = PBXBuildFile; fileRef = B59682BC1AAC4AD9002D6983 /* LectureObject.m */; };
		B59682C21AAC4CDC002D6983 /* TimeTableObject.m in Sources */ = {isa = PBXBuildFile; fileRef = B59682C11AAC4CDB002D6983 /* TimeTableObject.m */; };
		B59682C71AAC4D2F002D6983 /* LectureDetailObject.m in Sources */ = {isa = PBXBuildFile; fileRef = B59682C61AAC4D2F002D6983 /* LectureDetailObject.m */; };
		B59682D11AAC4E12002D6983 /* ServerLectureObject.m in Sources */ = {isa = PBXBuildFile; fileRef = B59682D01AAC4E12002D6983 /* ServerLectureObject.m */; };
		B59682DB1AAC5892002D6983 /* TimeTableCell.m in Sources */ = {isa = PBXBuildFile; fileRef = B59682DA1AAC5892002D6983 /* TimeTableCell.m */; };
		B59682DF1AAC69CE002D6983 /* NetworkManager.m in Sources */ = {isa = PBXBuildFile; fileRef = B59682DE1AAC69CE002D6983 /* NetworkManager.m */; };
		B59682E51AAC6DC2002D6983 /* AddTimeTableViewController.m in Sources */ = {isa = PBXBuildFile; fileRef = B59682E41AAC6DC2002D6983 /* AddTimeTableViewController.m */; };
		B5B597EB1B8B5C6B00DE6526 /* TimeTableViewForWidget.m in Sources */ = {isa = PBXBuildFile; fileRef = B5B597EA1B8B5C6B00DE6526 /* TimeTableViewForWidget.m */; };
		B5B597F41B8B5F0000DE6526 /* UIFont+OPTheme.m in Sources */ = {isa = PBXBuildFile; fileRef = B533CE3C1ABD430300907A7C /* UIFont+OPTheme.m */; };
		B5B597F51B8B5F0600DE6526 /* UIColor+OPTheme.m in Sources */ = {isa = PBXBuildFile; fileRef = B53655CA1ABCA8E500626416 /* UIColor+OPTheme.m */; };
		B5B597F61B8B5F1000DE6526 /* LectureDetailView.m in Sources */ = {isa = PBXBuildFile; fileRef = B593AA4A1ACC58610063F09E /* LectureDetailView.m */; };
		B5FF498B1B321F7A00E411B1 /* ShowLectureViewController.m in Sources */ = {isa = PBXBuildFile; fileRef = B5FF498A1B321F7A00E411B1 /* ShowLectureViewController.m */; };
		C148A5E91B63EA7C005167E8 /* ServerSemesterObject.m in Sources */ = {isa = PBXBuildFile; fileRef = C148A5E81B63EA7C005167E8 /* ServerSemesterObject.m */; };
		C15F23CC1B6CBD6B00AD707F /* ServerSemesterViewController.m in Sources */ = {isa = PBXBuildFile; fileRef = C15F23CB1B6CBD6B00AD707F /* ServerSemesterViewController.m */; };
		C15F23D01B6CBF1E00AD707F /* ServerSemesterCell.m in Sources */ = {isa = PBXBuildFile; fileRef = C15F23CF1B6CBF1E00AD707F /* ServerSemesterCell.m */; };
/* End PBXBuildFile section */

/* Begin PBXContainerItemProxy section */
		B514384F1ACFCA7A00EED7A5 /* PBXContainerItemProxy */ = {
			isa = PBXContainerItemProxy;
			containerPortal = B596826F1AAC2EB7002D6983 /* Project object */;
			proxyType = 1;
			remoteGlobalIDString = B51438441ACFCA7900EED7A5;
			remoteInfo = TimeTableWidget;
		};
/* End PBXContainerItemProxy section */

/* Begin PBXCopyFilesBuildPhase section */
		B54C8D7B1ACDB1F300DF2455 /* Embed App Extensions */ = {
			isa = PBXCopyFilesBuildPhase;
			buildActionMask = 2147483647;
			dstPath = "";
			dstSubfolderSpec = 13;
			files = (
				B51438511ACFCA7A00EED7A5 /* TimeTableWidget.appex in Embed App Extensions */,
			);
			name = "Embed App Extensions";
			runOnlyForDeploymentPostprocessing = 0;
		};
/* End PBXCopyFilesBuildPhase section */

/* Begin PBXFileReference section */
		36B226D3E967DD83FBCC2886 /* Pods.release.xcconfig */ = {isa = PBXFileReference; includeInIndex = 1; lastKnownFileType = text.xcconfig; name = Pods.release.xcconfig; path = "Pods/Target Support Files/Pods/Pods.release.xcconfig"; sourceTree = "<group>"; };
		4A89053A64E5402D645CE083 /* libPods-TimeTableWidget.a */ = {isa = PBXFileReference; explicitFileType = archive.ar; includeInIndex = 0; path = "libPods-TimeTableWidget.a"; sourceTree = BUILT_PRODUCTS_DIR; };
		6E83F81388747EA9A0AD5DEB /* Pods-TimeTableWidget.debug.xcconfig */ = {isa = PBXFileReference; includeInIndex = 1; lastKnownFileType = text.xcconfig; name = "Pods-TimeTableWidget.debug.xcconfig"; path = "Pods/Target Support Files/Pods-TimeTableWidget/Pods-TimeTableWidget.debug.xcconfig"; sourceTree = "<group>"; };
		7AC2BC34DD53E7F748851752 /* libPods.a */ = {isa = PBXFileReference; explicitFileType = archive.ar; includeInIndex = 0; path = libPods.a; sourceTree = BUILT_PRODUCTS_DIR; };
		9B8A6D7AE42256B3A5516C5F /* libPods-OPDBit.a */ = {isa = PBXFileReference; explicitFileType = archive.ar; includeInIndex = 0; path = "libPods-OPDBit.a"; sourceTree = BUILT_PRODUCTS_DIR; };
		A98C2A9EC3DA5D20904A1675 /* Pods-TimeTableWidget.release.xcconfig */ = {isa = PBXFileReference; includeInIndex = 1; lastKnownFileType = text.xcconfig; name = "Pods-TimeTableWidget.release.xcconfig"; path = "Pods/Target Support Files/Pods-TimeTableWidget/Pods-TimeTableWidget.release.xcconfig"; sourceTree = "<group>"; };
		B51438451ACFCA7900EED7A5 /* TimeTableWidget.appex */ = {isa = PBXFileReference; explicitFileType = "wrapper.app-extension"; includeInIndex = 0; path = TimeTableWidget.appex; sourceTree = BUILT_PRODUCTS_DIR; };
		B51438491ACFCA7A00EED7A5 /* Info.plist */ = {isa = PBXFileReference; lastKnownFileType = text.plist.xml; path = Info.plist; sourceTree = "<group>"; };
		B514384A1ACFCA7A00EED7A5 /* TodayViewController.h */ = {isa = PBXFileReference; lastKnownFileType = sourcecode.c.h; path = TodayViewController.h; sourceTree = "<group>"; };
		B514384B1ACFCA7A00EED7A5 /* TodayViewController.m */ = {isa = PBXFileReference; lastKnownFileType = sourcecode.c.objc; path = TodayViewController.m; sourceTree = "<group>"; };
		B514384D1ACFCA7A00EED7A5 /* MainInterface.storyboard */ = {isa = PBXFileReference; lastKnownFileType = file.storyboard; path = MainInterface.storyboard; sourceTree = "<group>"; };
		B51438551ACFCA8E00EED7A5 /* TimeTableWidget.entitlements */ = {isa = PBXFileReference; lastKnownFileType = text.xml; path = TimeTableWidget.entitlements; sourceTree = "<group>"; };
		B52C3E4E1AD04853001BB5B8 /* done.png */ = {isa = PBXFileReference; lastKnownFileType = image.png; path = done.png; sourceTree = "<group>"; };
		B52C3E4F1AD04853001BB5B8 /* done@2x.png */ = {isa = PBXFileReference; lastKnownFileType = image.png; path = "done@2x.png"; sourceTree = "<group>"; };
		B52C3E501AD04853001BB5B8 /* done@3x.png */ = {isa = PBXFileReference; lastKnownFileType = image.png; path = "done@3x.png"; sourceTree = "<group>"; };
		B52C3E511AD04853001BB5B8 /* download.png */ = {isa = PBXFileReference; lastKnownFileType = image.png; path = download.png; sourceTree = "<group>"; };
		B52C3E521AD04853001BB5B8 /* download@2x.png */ = {isa = PBXFileReference; lastKnownFileType = image.png; path = "download@2x.png"; sourceTree = "<group>"; };
		B52C3E531AD04853001BB5B8 /* download@3x.png */ = {isa = PBXFileReference; lastKnownFileType = image.png; path = "download@3x.png"; sourceTree = "<group>"; };
		B52C3E541AD04853001BB5B8 /* menu.png */ = {isa = PBXFileReference; lastKnownFileType = image.png; path = menu.png; sourceTree = "<group>"; };
		B52C3E551AD04853001BB5B8 /* menu@2x.png */ = {isa = PBXFileReference; lastKnownFileType = image.png; path = "menu@2x.png"; sourceTree = "<group>"; };
		B52C3E561AD04853001BB5B8 /* menu@3x.png */ = {isa = PBXFileReference; lastKnownFileType = image.png; path = "menu@3x.png"; sourceTree = "<group>"; };
		B52C3E571AD04853001BB5B8 /* search.png */ = {isa = PBXFileReference; lastKnownFileType = image.png; path = search.png; sourceTree = "<group>"; };
		B52C3E581AD04853001BB5B8 /* search@2x.png */ = {isa = PBXFileReference; lastKnownFileType = image.png; path = "search@2x.png"; sourceTree = "<group>"; };
		B52C3E591AD04853001BB5B8 /* search@3x.png */ = {isa = PBXFileReference; lastKnownFileType = image.png; path = "search@3x.png"; sourceTree = "<group>"; };
		B533CE3B1ABD430300907A7C /* UIFont+OPTheme.h */ = {isa = PBXFileReference; fileEncoding = 4; lastKnownFileType = sourcecode.c.h; path = "UIFont+OPTheme.h"; sourceTree = "<group>"; };
		B533CE3C1ABD430300907A7C /* UIFont+OPTheme.m */ = {isa = PBXFileReference; fileEncoding = 4; lastKnownFileType = sourcecode.c.objc; path = "UIFont+OPTheme.m"; sourceTree = "<group>"; };
		B534EAD01AB43A8B00EBE3EB /* AddLectureViewController.h */ = {isa = PBXFileReference; fileEncoding = 4; lastKnownFileType = sourcecode.c.h; lineEnding = 0; path = AddLectureViewController.h; sourceTree = "<group>"; xcLanguageSpecificationIdentifier = xcode.lang.objcpp; };
		B534EAD11AB43A8B00EBE3EB /* AddLectureViewController.m */ = {isa = PBXFileReference; fileEncoding = 4; lastKnownFileType = sourcecode.c.objc; lineEnding = 0; path = AddLectureViewController.m; sourceTree = "<group>"; xcLanguageSpecificationIdentifier = xcode.lang.objc; };
		B534EAD41AB43B3400EBE3EB /* SearchLectureViewController.h */ = {isa = PBXFileReference; fileEncoding = 4; lastKnownFileType = sourcecode.c.h; path = SearchLectureViewController.h; sourceTree = "<group>"; };
		B534EAD51AB43B3400EBE3EB /* SearchLectureViewController.m */ = {isa = PBXFileReference; fileEncoding = 4; lastKnownFileType = sourcecode.c.objc; path = SearchLectureViewController.m; sourceTree = "<group>"; };
		B534EAD81AB44D3800EBE3EB /* SearchLectureCell.h */ = {isa = PBXFileReference; fileEncoding = 4; lastKnownFileType = sourcecode.c.h; path = SearchLectureCell.h; sourceTree = "<group>"; };
		B534EAD91AB44D3800EBE3EB /* SearchLectureCell.m */ = {isa = PBXFileReference; fileEncoding = 4; lastKnownFileType = sourcecode.c.objc; path = SearchLectureCell.m; sourceTree = "<group>"; };
		B534EAED1AB47D8000EBE3EB /* AddLectureHeaderCell.h */ = {isa = PBXFileReference; fileEncoding = 4; lastKnownFileType = sourcecode.c.h; path = AddLectureHeaderCell.h; sourceTree = "<group>"; };
		B534EAEE1AB47D8000EBE3EB /* AddLectureHeaderCell.m */ = {isa = PBXFileReference; fileEncoding = 4; lastKnownFileType = sourcecode.c.objc; path = AddLectureHeaderCell.m; sourceTree = "<group>"; };
		B534EAF31AB47DB100EBE3EB /* AddLectureFooterCell.h */ = {isa = PBXFileReference; fileEncoding = 4; lastKnownFileType = sourcecode.c.h; path = AddLectureFooterCell.h; sourceTree = "<group>"; };
		B534EAF41AB47DB100EBE3EB /* AddLectureFooterCell.m */ = {isa = PBXFileReference; fileEncoding = 4; lastKnownFileType = sourcecode.c.objc; path = AddLectureFooterCell.m; sourceTree = "<group>"; };
		B534EAF61AB47DBF00EBE3EB /* AddLectureDetailCell.h */ = {isa = PBXFileReference; fileEncoding = 4; lastKnownFileType = sourcecode.c.h; path = AddLectureDetailCell.h; sourceTree = "<group>"; };
		B534EAF71AB47DBF00EBE3EB /* AddLectureDetailCell.m */ = {isa = PBXFileReference; fileEncoding = 4; lastKnownFileType = sourcecode.c.objc; path = AddLectureDetailCell.m; sourceTree = "<group>"; };
		B53655C91ABCA8E500626416 /* UIColor+OPTheme.h */ = {isa = PBXFileReference; fileEncoding = 4; lastKnownFileType = sourcecode.c.h; path = "UIColor+OPTheme.h"; sourceTree = "<group>"; };
		B53655CA1ABCA8E500626416 /* UIColor+OPTheme.m */ = {isa = PBXFileReference; fileEncoding = 4; lastKnownFileType = sourcecode.c.objc; path = "UIColor+OPTheme.m"; sourceTree = "<group>"; };
		B542274D1ACECA5E00BBBD3F /* OPDBit.entitlements */ = {isa = PBXFileReference; lastKnownFileType = text.xml; path = OPDBit.entitlements; sourceTree = "<group>"; };
		B54C8D6B1ACDB1F300DF2455 /* NotificationCenter.framework */ = {isa = PBXFileReference; lastKnownFileType = wrapper.framework; name = NotificationCenter.framework; path = System/Library/Frameworks/NotificationCenter.framework; sourceTree = SDKROOT; };
		B5530B281AECE5AE0096F39C /* Crashlytics.framework */ = {isa = PBXFileReference; lastKnownFileType = wrapper.framework; path = Crashlytics.framework; sourceTree = SOURCE_ROOT; };
		B5530B291AECE5AE0096F39C /* Fabric.framework */ = {isa = PBXFileReference; lastKnownFileType = wrapper.framework; path = Fabric.framework; sourceTree = SOURCE_ROOT; };
		B593AA3C1ACC0BBA0063F09E /* on.png */ = {isa = PBXFileReference; lastKnownFileType = image.png; path = on.png; sourceTree = "<group>"; };
		B593AA3D1ACC0BBA0063F09E /* off.png */ = {isa = PBXFileReference; lastKnownFileType = image.png; path = off.png; sourceTree = "<group>"; };
		B593AA411ACC3DDF0063F09E /* TimeTableView.h */ = {isa = PBXFileReference; fileEncoding = 4; lastKnownFileType = sourcecode.c.h; path = TimeTableView.h; sourceTree = "<group>"; };
		B593AA421ACC3DDF0063F09E /* TimeTableView.m */ = {isa = PBXFileReference; fileEncoding = 4; lastKnownFileType = sourcecode.c.objc; path = TimeTableView.m; sourceTree = "<group>"; };
		B593AA441ACC4E7D0063F09E /* ShowTimeTableViewController.h */ = {isa = PBXFileReference; fileEncoding = 4; lastKnownFileType = sourcecode.c.h; path = ShowTimeTableViewController.h; sourceTree = "<group>"; };
		B593AA451ACC4E7D0063F09E /* ShowTimeTableViewController.m */ = {isa = PBXFileReference; fileEncoding = 4; lastKnownFileType = sourcecode.c.objc; path = ShowTimeTableViewController.m; sourceTree = "<group>"; };
		B593AA491ACC58610063F09E /* LectureDetailView.h */ = {isa = PBXFileReference; fileEncoding = 4; lastKnownFileType = sourcecode.c.h; path = LectureDetailView.h; sourceTree = "<group>"; };
		B593AA4A1ACC58610063F09E /* LectureDetailView.m */ = {isa = PBXFileReference; fileEncoding = 4; lastKnownFileType = sourcecode.c.objc; path = LectureDetailView.m; sourceTree = "<group>"; };
		B59682771AAC2EB7002D6983 /* OPDBit.app */ = {isa = PBXFileReference; explicitFileType = wrapper.application; includeInIndex = 0; path = OPDBit.app; sourceTree = BUILT_PRODUCTS_DIR; };
		B596827B1AAC2EB7002D6983 /* Info.plist */ = {isa = PBXFileReference; lastKnownFileType = text.plist.xml; path = Info.plist; sourceTree = "<group>"; };
		B596827C1AAC2EB7002D6983 /* main.m */ = {isa = PBXFileReference; lastKnownFileType = sourcecode.c.objc; path = main.m; sourceTree = "<group>"; };
		B596827E1AAC2EB7002D6983 /* AppDelegate.h */ = {isa = PBXFileReference; lastKnownFileType = sourcecode.c.h; lineEnding = 0; path = AppDelegate.h; sourceTree = "<group>"; xcLanguageSpecificationIdentifier = xcode.lang.objcpp; };
		B596827F1AAC2EB7002D6983 /* AppDelegate.m */ = {isa = PBXFileReference; lastKnownFileType = sourcecode.c.objc; path = AppDelegate.m; sourceTree = "<group>"; };
		B59682871AAC2EB7002D6983 /* Images.xcassets */ = {isa = PBXFileReference; lastKnownFileType = folder.assetcatalog; path = Images.xcassets; sourceTree = "<group>"; };
		B596828A1AAC2EB7002D6983 /* Base */ = {isa = PBXFileReference; lastKnownFileType = file.xib; name = Base; path = Base.lproj/LaunchScreen.xib; sourceTree = "<group>"; };
		B59682A01AAC314D002D6983 /* OPLeftDrawerViewController.h */ = {isa = PBXFileReference; fileEncoding = 4; lastKnownFileType = sourcecode.c.h; path = OPLeftDrawerViewController.h; sourceTree = "<group>"; };
		B59682A11AAC314D002D6983 /* OPLeftDrawerViewController.m */ = {isa = PBXFileReference; fileEncoding = 4; lastKnownFileType = sourcecode.c.objc; path = OPLeftDrawerViewController.m; sourceTree = "<group>"; };
		B59682A51AAC3378002D6983 /* OPLeftDrawerTableViewCell.h */ = {isa = PBXFileReference; fileEncoding = 4; lastKnownFileType = sourcecode.c.h; path = OPLeftDrawerTableViewCell.h; sourceTree = "<group>"; };
		B59682A61AAC3378002D6983 /* OPLeftDrawerTableViewCell.m */ = {isa = PBXFileReference; fileEncoding = 4; lastKnownFileType = sourcecode.c.objc; path = OPLeftDrawerTableViewCell.m; sourceTree = "<group>"; };
		B59682AC1AAC3741002D6983 /* LectureViewController.h */ = {isa = PBXFileReference; fileEncoding = 4; lastKnownFileType = sourcecode.c.h; lineEnding = 0; path = LectureViewController.h; sourceTree = "<group>"; xcLanguageSpecificationIdentifier = xcode.lang.objcpp; };
		B59682AD1AAC3741002D6983 /* LectureViewController.m */ = {isa = PBXFileReference; fileEncoding = 4; lastKnownFileType = sourcecode.c.objc; path = LectureViewController.m; sourceTree = "<group>"; };
		B59682AF1AAC374D002D6983 /* TimeTableViewController.h */ = {isa = PBXFileReference; fileEncoding = 4; lastKnownFileType = sourcecode.c.h; path = TimeTableViewController.h; sourceTree = "<group>"; };
		B59682B01AAC374D002D6983 /* TimeTableViewController.m */ = {isa = PBXFileReference; fileEncoding = 4; lastKnownFileType = sourcecode.c.objc; path = TimeTableViewController.m; sourceTree = "<group>"; };
		B59682B31AAC47F0002D6983 /* LectureTableViewCell.h */ = {isa = PBXFileReference; fileEncoding = 4; lastKnownFileType = sourcecode.c.h; path = LectureTableViewCell.h; sourceTree = "<group>"; };
		B59682B41AAC47F0002D6983 /* LectureTableViewCell.m */ = {isa = PBXFileReference; fileEncoding = 4; lastKnownFileType = sourcecode.c.objc; path = LectureTableViewCell.m; sourceTree = "<group>"; };
		B59682B71AAC4A8E002D6983 /* DataManager.h */ = {isa = PBXFileReference; fileEncoding = 4; lastKnownFileType = sourcecode.c.h; lineEnding = 0; path = DataManager.h; sourceTree = "<group>"; xcLanguageSpecificationIdentifier = xcode.lang.objcpp; };
		B59682B81AAC4A8E002D6983 /* DataManager.m */ = {isa = PBXFileReference; fileEncoding = 4; lastKnownFileType = sourcecode.c.objc; lineEnding = 0; path = DataManager.m; sourceTree = "<group>"; xcLanguageSpecificationIdentifier = xcode.lang.objc; };
		B59682BB1AAC4AD9002D6983 /* LectureObject.h */ = {isa = PBXFileReference; fileEncoding = 4; lastKnownFileType = sourcecode.c.h; path = LectureObject.h; sourceTree = "<group>"; };
		B59682BC1AAC4AD9002D6983 /* LectureObject.m */ = {isa = PBXFileReference; fileEncoding = 4; lastKnownFileType = sourcecode.c.objc; path = LectureObject.m; sourceTree = "<group>"; };
		B59682C01AAC4CDB002D6983 /* TimeTableObject.h */ = {isa = PBXFileReference; fileEncoding = 4; lastKnownFileType = sourcecode.c.h; path = TimeTableObject.h; sourceTree = "<group>"; };
		B59682C11AAC4CDB002D6983 /* TimeTableObject.m */ = {isa = PBXFileReference; fileEncoding = 4; lastKnownFileType = sourcecode.c.objc; path = TimeTableObject.m; sourceTree = "<group>"; };
		B59682C51AAC4D2F002D6983 /* LectureDetailObject.h */ = {isa = PBXFileReference; fileEncoding = 4; lastKnownFileType = sourcecode.c.h; path = LectureDetailObject.h; sourceTree = "<group>"; };
		B59682C61AAC4D2F002D6983 /* LectureDetailObject.m */ = {isa = PBXFileReference; fileEncoding = 4; lastKnownFileType = sourcecode.c.objc; path = LectureDetailObject.m; sourceTree = "<group>"; };
		B59682CF1AAC4E12002D6983 /* ServerLectureObject.h */ = {isa = PBXFileReference; fileEncoding = 4; lastKnownFileType = sourcecode.c.h; path = ServerLectureObject.h; sourceTree = "<group>"; };
		B59682D01AAC4E12002D6983 /* ServerLectureObject.m */ = {isa = PBXFileReference; fileEncoding = 4; lastKnownFileType = sourcecode.c.objc; path = ServerLectureObject.m; sourceTree = "<group>"; };
		B59682D91AAC5892002D6983 /* TimeTableCell.h */ = {isa = PBXFileReference; fileEncoding = 4; lastKnownFileType = sourcecode.c.h; path = TimeTableCell.h; sourceTree = "<group>"; };
		B59682DA1AAC5892002D6983 /* TimeTableCell.m */ = {isa = PBXFileReference; fileEncoding = 4; lastKnownFileType = sourcecode.c.objc; path = TimeTableCell.m; sourceTree = "<group>"; };
		B59682DD1AAC69CE002D6983 /* NetworkManager.h */ = {isa = PBXFileReference; fileEncoding = 4; lastKnownFileType = sourcecode.c.h; path = NetworkManager.h; sourceTree = "<group>"; };
		B59682DE1AAC69CE002D6983 /* NetworkManager.m */ = {isa = PBXFileReference; fileEncoding = 4; lastKnownFileType = sourcecode.c.objc; path = NetworkManager.m; sourceTree = "<group>"; };
		B59682E31AAC6DC2002D6983 /* AddTimeTableViewController.h */ = {isa = PBXFileReference; fileEncoding = 4; lastKnownFileType = sourcecode.c.h; path = AddTimeTableViewController.h; sourceTree = "<group>"; };
		B59682E41AAC6DC2002D6983 /* AddTimeTableViewController.m */ = {isa = PBXFileReference; fileEncoding = 4; lastKnownFileType = sourcecode.c.objc; lineEnding = 0; path = AddTimeTableViewController.m; sourceTree = "<group>"; xcLanguageSpecificationIdentifier = xcode.lang.objc; };
		B5B597E91B8B5C6B00DE6526 /* TimeTableViewForWidget.h */ = {isa = PBXFileReference; fileEncoding = 4; lastKnownFileType = sourcecode.c.h; name = TimeTableViewForWidget.h; path = View/TimeTableViewForWidget.h; sourceTree = "<group>"; };
		B5B597EA1B8B5C6B00DE6526 /* TimeTableViewForWidget.m */ = {isa = PBXFileReference; fileEncoding = 4; lastKnownFileType = sourcecode.c.objc; name = TimeTableViewForWidget.m; path = View/TimeTableViewForWidget.m; sourceTree = "<group>"; };
		B5FF49891B321F7A00E411B1 /* ShowLectureViewController.h */ = {isa = PBXFileReference; fileEncoding = 4; lastKnownFileType = sourcecode.c.h; path = ShowLectureViewController.h; sourceTree = "<group>"; };
		B5FF498A1B321F7A00E411B1 /* ShowLectureViewController.m */ = {isa = PBXFileReference; fileEncoding = 4; lastKnownFileType = sourcecode.c.objc; path = ShowLectureViewController.m; sourceTree = "<group>"; };
		C148A5E71B63EA7C005167E8 /* ServerSemesterObject.h */ = {isa = PBXFileReference; fileEncoding = 4; lastKnownFileType = sourcecode.c.h; path = ServerSemesterObject.h; sourceTree = "<group>"; };
		C148A5E81B63EA7C005167E8 /* ServerSemesterObject.m */ = {isa = PBXFileReference; fileEncoding = 4; lastKnownFileType = sourcecode.c.objc; path = ServerSemesterObject.m; sourceTree = "<group>"; };
		C15F23CA1B6CBD6B00AD707F /* ServerSemesterViewController.h */ = {isa = PBXFileReference; fileEncoding = 4; lastKnownFileType = sourcecode.c.h; name = ServerSemesterViewController.h; path = TimeTable/ServerTimeTable/ServerSemesterViewController.h; sourceTree = "<group>"; };
		C15F23CB1B6CBD6B00AD707F /* ServerSemesterViewController.m */ = {isa = PBXFileReference; fileEncoding = 4; lastKnownFileType = sourcecode.c.objc; name = ServerSemesterViewController.m; path = TimeTable/ServerTimeTable/ServerSemesterViewController.m; sourceTree = "<group>"; };
		C15F23CE1B6CBF1E00AD707F /* ServerSemesterCell.h */ = {isa = PBXFileReference; fileEncoding = 4; lastKnownFileType = sourcecode.c.h; name = ServerSemesterCell.h; path = TimeTable/ServerTimeTable/Cell/ServerSemesterCell.h; sourceTree = "<group>"; };
		C15F23CF1B6CBF1E00AD707F /* ServerSemesterCell.m */ = {isa = PBXFileReference; fileEncoding = 4; lastKnownFileType = sourcecode.c.objc; name = ServerSemesterCell.m; path = TimeTable/ServerTimeTable/Cell/ServerSemesterCell.m; sourceTree = "<group>"; };
		FF3D7F73A7E4E3ECBE61BFEB /* Pods.debug.xcconfig */ = {isa = PBXFileReference; includeInIndex = 1; lastKnownFileType = text.xcconfig; name = Pods.debug.xcconfig; path = "Pods/Target Support Files/Pods/Pods.debug.xcconfig"; sourceTree = "<group>"; };
/* End PBXFileReference section */

/* Begin PBXFrameworksBuildPhase section */
		B51438421ACFCA7900EED7A5 /* Frameworks */ = {
			isa = PBXFrameworksBuildPhase;
			buildActionMask = 2147483647;
			files = (
				B51438461ACFCA7A00EED7A5 /* NotificationCenter.framework in Frameworks */,
				00CC235C5197B325A5DB3531 /* libPods.a in Frameworks */,
			);
			runOnlyForDeploymentPostprocessing = 0;
		};
		B59682741AAC2EB7002D6983 /* Frameworks */ = {
			isa = PBXFrameworksBuildPhase;
			buildActionMask = 2147483647;
			files = (
				B5530B2A1AECE5AE0096F39C /* Crashlytics.framework in Frameworks */,
				B5530B2B1AECE5AE0096F39C /* Fabric.framework in Frameworks */,
			);
			runOnlyForDeploymentPostprocessing = 0;
		};
/* End PBXFrameworksBuildPhase section */

/* Begin PBXGroup section */
		50E9E19CC8AB086F75932C27 /* Pods */ = {
			isa = PBXGroup;
			children = (
				FF3D7F73A7E4E3ECBE61BFEB /* Pods.debug.xcconfig */,
				36B226D3E967DD83FBCC2886 /* Pods.release.xcconfig */,
				6E83F81388747EA9A0AD5DEB /* Pods-TimeTableWidget.debug.xcconfig */,
				A98C2A9EC3DA5D20904A1675 /* Pods-TimeTableWidget.release.xcconfig */,
			);
			name = Pods;
			sourceTree = "<group>";
		};
		B51438471ACFCA7A00EED7A5 /* TimeTableWidget */ = {
			isa = PBXGroup;
			children = (
				B51438551ACFCA8E00EED7A5 /* TimeTableWidget.entitlements */,
				B514384A1ACFCA7A00EED7A5 /* TodayViewController.h */,
				B514384B1ACFCA7A00EED7A5 /* TodayViewController.m */,
				B514384D1ACFCA7A00EED7A5 /* MainInterface.storyboard */,
				B51438481ACFCA7A00EED7A5 /* Supporting Files */,
				B5B597EC1B8B5C7500DE6526 /* View */,
			);
			path = TimeTableWidget;
			sourceTree = "<group>";
		};
		B51438481ACFCA7A00EED7A5 /* Supporting Files */ = {
			isa = PBXGroup;
			children = (
				B51438491ACFCA7A00EED7A5 /* Info.plist */,
			);
			name = "Supporting Files";
			sourceTree = "<group>";
		};
		B533CE3E1ABD430700907A7C /* Font */ = {
			isa = PBXGroup;
			children = (
				B533CE3B1ABD430300907A7C /* UIFont+OPTheme.h */,
				B533CE3C1ABD430300907A7C /* UIFont+OPTheme.m */,
			);
			name = Font;
			sourceTree = "<group>";
		};
		B533CE3F1ABD431200907A7C /* Color */ = {
			isa = PBXGroup;
			children = (
				B53655C91ABCA8E500626416 /* UIColor+OPTheme.h */,
				B53655CA1ABCA8E500626416 /* UIColor+OPTheme.m */,
			);
			name = Color;
			sourceTree = "<group>";
		};
		B534EACB1AB439BF00EBE3EB /* AddLecture */ = {
			isa = PBXGroup;
			children = (
				B534EAD01AB43A8B00EBE3EB /* AddLectureViewController.h */,
				B534EAD11AB43A8B00EBE3EB /* AddLectureViewController.m */,
				B534EADB1AB474D400EBE3EB /* Cell */,
			);
			name = AddLecture;
			sourceTree = "<group>";
		};
		B534EACC1AB43A1000EBE3EB /* Cell */ = {
			isa = PBXGroup;
			children = (
				C15F23CE1B6CBF1E00AD707F /* ServerSemesterCell.h */,
				C15F23CF1B6CBF1E00AD707F /* ServerSemesterCell.m */,
			);
			name = Cell;
			sourceTree = "<group>";
		};
		B534EAD31AB43B1B00EBE3EB /* SearchLecture */ = {
			isa = PBXGroup;
			children = (
				B534EAD41AB43B3400EBE3EB /* SearchLectureViewController.h */,
				B534EAD51AB43B3400EBE3EB /* SearchLectureViewController.m */,
				B534EAD71AB44D1F00EBE3EB /* Cell */,
			);
			name = SearchLecture;
			sourceTree = "<group>";
		};
		B534EAD71AB44D1F00EBE3EB /* Cell */ = {
			isa = PBXGroup;
			children = (
				B534EAD81AB44D3800EBE3EB /* SearchLectureCell.h */,
				B534EAD91AB44D3800EBE3EB /* SearchLectureCell.m */,
			);
			name = Cell;
			sourceTree = "<group>";
		};
		B534EADB1AB474D400EBE3EB /* Cell */ = {
			isa = PBXGroup;
			children = (
				B534EAF01AB47D8400EBE3EB /* Header */,
				B534EAF21AB47D8F00EBE3EB /* Detail */,
				B534EAF11AB47D8A00EBE3EB /* Footer */,
			);
			name = Cell;
			sourceTree = "<group>";
		};
		B534EAF01AB47D8400EBE3EB /* Header */ = {
			isa = PBXGroup;
			children = (
				B534EAED1AB47D8000EBE3EB /* AddLectureHeaderCell.h */,
				B534EAEE1AB47D8000EBE3EB /* AddLectureHeaderCell.m */,
			);
			name = Header;
			sourceTree = "<group>";
		};
		B534EAF11AB47D8A00EBE3EB /* Footer */ = {
			isa = PBXGroup;
			children = (
				B534EAF31AB47DB100EBE3EB /* AddLectureFooterCell.h */,
				B534EAF41AB47DB100EBE3EB /* AddLectureFooterCell.m */,
			);
			name = Footer;
			sourceTree = "<group>";
		};
		B534EAF21AB47D8F00EBE3EB /* Detail */ = {
			isa = PBXGroup;
			children = (
				B534EAF61AB47DBF00EBE3EB /* AddLectureDetailCell.h */,
				B534EAF71AB47DBF00EBE3EB /* AddLectureDetailCell.m */,
			);
			name = Detail;
			sourceTree = "<group>";
		};
		B53655C81ABCA8BD00626416 /* Theme */ = {
			isa = PBXGroup;
			children = (
				B533CE3F1ABD431200907A7C /* Color */,
				B533CE3E1ABD430700907A7C /* Font */,
			);
			name = Theme;
			sourceTree = "<group>";
		};
		B593AA3B1ACC0BA90063F09E /* Resource */ = {
			isa = PBXGroup;
			children = (
				B52C3E4E1AD04853001BB5B8 /* done.png */,
				B52C3E4F1AD04853001BB5B8 /* done@2x.png */,
				B52C3E501AD04853001BB5B8 /* done@3x.png */,
				B52C3E511AD04853001BB5B8 /* download.png */,
				B52C3E521AD04853001BB5B8 /* download@2x.png */,
				B52C3E531AD04853001BB5B8 /* download@3x.png */,
				B52C3E541AD04853001BB5B8 /* menu.png */,
				B52C3E551AD04853001BB5B8 /* menu@2x.png */,
				B52C3E561AD04853001BB5B8 /* menu@3x.png */,
				B52C3E571AD04853001BB5B8 /* search.png */,
				B52C3E581AD04853001BB5B8 /* search@2x.png */,
				B52C3E591AD04853001BB5B8 /* search@3x.png */,
				B593AA3C1ACC0BBA0063F09E /* on.png */,
				B593AA3D1ACC0BBA0063F09E /* off.png */,
			);
			name = Resource;
			sourceTree = "<group>";
		};
		B593AA401ACC3DB50063F09E /* TimeTableView */ = {
			isa = PBXGroup;
			children = (
				B593AA481ACC58420063F09E /* LectureDetailView */,
				B593AA411ACC3DDF0063F09E /* TimeTableView.h */,
				B593AA421ACC3DDF0063F09E /* TimeTableView.m */,
			);
			name = TimeTableView;
			sourceTree = "<group>";
		};
		B593AA471ACC4E820063F09E /* ShowTimeTable */ = {
			isa = PBXGroup;
			children = (
				B593AA441ACC4E7D0063F09E /* ShowTimeTableViewController.h */,
				B593AA451ACC4E7D0063F09E /* ShowTimeTableViewController.m */,
			);
			name = ShowTimeTable;
			sourceTree = "<group>";
		};
		B593AA481ACC58420063F09E /* LectureDetailView */ = {
			isa = PBXGroup;
			children = (
				B593AA491ACC58610063F09E /* LectureDetailView.h */,
				B593AA4A1ACC58610063F09E /* LectureDetailView.m */,
			);
			name = LectureDetailView;
			sourceTree = "<group>";
		};
		B596826E1AAC2EB7002D6983 = {
			isa = PBXGroup;
			children = (
				B59682791AAC2EB7002D6983 /* OPDBit */,
				B51438471ACFCA7A00EED7A5 /* TimeTableWidget */,
				B59682781AAC2EB7002D6983 /* Products */,
				50E9E19CC8AB086F75932C27 /* Pods */,
				D50F2B14238F6B1E7CE06FE5 /* Frameworks */,
			);
			sourceTree = "<group>";
		};
		B59682781AAC2EB7002D6983 /* Products */ = {
			isa = PBXGroup;
			children = (
				B59682771AAC2EB7002D6983 /* OPDBit.app */,
				B51438451ACFCA7900EED7A5 /* TimeTableWidget.appex */,
			);
			name = Products;
			sourceTree = "<group>";
		};
		B59682791AAC2EB7002D6983 /* OPDBit */ = {
			isa = PBXGroup;
			children = (
				B5530B281AECE5AE0096F39C /* Crashlytics.framework */,
				B5530B291AECE5AE0096F39C /* Fabric.framework */,
				B542274D1ACECA5E00BBBD3F /* OPDBit.entitlements */,
				B593AA401ACC3DB50063F09E /* TimeTableView */,
				B53655C81ABCA8BD00626416 /* Theme */,
				B59682BA1AAC4AC4002D6983 /* Realm Model */,
				B59682AB1AAC3708002D6983 /* ViewController */,
				B596827E1AAC2EB7002D6983 /* AppDelegate.h */,
				B596827F1AAC2EB7002D6983 /* AppDelegate.m */,
				B59682871AAC2EB7002D6983 /* Images.xcassets */,
				B59682891AAC2EB7002D6983 /* LaunchScreen.xib */,
				B59682E11AAC69DC002D6983 /* Utils */,
				B596827A1AAC2EB7002D6983 /* Supporting Files */,
			);
			path = OPDBit;
			sourceTree = "<group>";
		};
		B596827A1AAC2EB7002D6983 /* Supporting Files */ = {
			isa = PBXGroup;
			children = (
				B593AA3B1ACC0BA90063F09E /* Resource */,
				B596827B1AAC2EB7002D6983 /* Info.plist */,
				B596827C1AAC2EB7002D6983 /* main.m */,
			);
			name = "Supporting Files";
			sourceTree = "<group>";
		};
		B59682A31AAC3154002D6983 /* LeftDrawer */ = {
			isa = PBXGroup;
			children = (
				B59682A01AAC314D002D6983 /* OPLeftDrawerViewController.h */,
				B59682A11AAC314D002D6983 /* OPLeftDrawerViewController.m */,
				B59682A81AAC337C002D6983 /* Cell */,
			);
			name = LeftDrawer;
			sourceTree = "<group>";
		};
		B59682A81AAC337C002D6983 /* Cell */ = {
			isa = PBXGroup;
			children = (
				B59682A51AAC3378002D6983 /* OPLeftDrawerTableViewCell.h */,
				B59682A61AAC3378002D6983 /* OPLeftDrawerTableViewCell.m */,
			);
			name = Cell;
			sourceTree = "<group>";
		};
		B59682A91AAC36F8002D6983 /* Lecture */ = {
			isa = PBXGroup;
			children = (
				B59682AC1AAC3741002D6983 /* LectureViewController.h */,
				B59682AD1AAC3741002D6983 /* LectureViewController.m */,
				B59682B21AAC47D3002D6983 /* Cell */,
				B534EACB1AB439BF00EBE3EB /* AddLecture */,
				B534EAD31AB43B1B00EBE3EB /* SearchLecture */,
				B5FF49881B321F6A00E411B1 /* ShowLecture */,
			);
			name = Lecture;
			sourceTree = "<group>";
		};
		B59682AA1AAC3700002D6983 /* TimeTable */ = {
			isa = PBXGroup;
			children = (
				B59682AF1AAC374D002D6983 /* TimeTableViewController.h */,
				B59682B01AAC374D002D6983 /* TimeTableViewController.m */,
				B59682D81AAC586D002D6983 /* Cell */,
				B59682E21AAC6D7E002D6983 /* AddTimeTable */,
				B59682E61AAC7054002D6983 /* ServerSemester */,
			);
			name = TimeTable;
			sourceTree = "<group>";
		};
		B59682AB1AAC3708002D6983 /* ViewController */ = {
			isa = PBXGroup;
			children = (
				B59682AA1AAC3700002D6983 /* TimeTable */,
				B59682A91AAC36F8002D6983 /* Lecture */,
				B593AA471ACC4E820063F09E /* ShowTimeTable */,
				B59682A31AAC3154002D6983 /* LeftDrawer */,
			);
			name = ViewController;
			sourceTree = "<group>";
		};
		B59682B21AAC47D3002D6983 /* Cell */ = {
			isa = PBXGroup;
			children = (
				B59682B31AAC47F0002D6983 /* LectureTableViewCell.h */,
				B59682B41AAC47F0002D6983 /* LectureTableViewCell.m */,
			);
			name = Cell;
			sourceTree = "<group>";
		};
		B59682B61AAC4A76002D6983 /* DataManager */ = {
			isa = PBXGroup;
			children = (
				B59682B71AAC4A8E002D6983 /* DataManager.h */,
				B59682B81AAC4A8E002D6983 /* DataManager.m */,
			);
			name = DataManager;
			sourceTree = "<group>";
		};
		B59682BA1AAC4AC4002D6983 /* Realm Model */ = {
			isa = PBXGroup;
			children = (
				C148A5E31B63EA1C005167E8 /* ServerSemester */,
				B59682CC1AAC4D82002D6983 /* ServerLecture */,
				B59682BF1AAC4CBC002D6983 /* TimeTable */,
				B59682BE1AAC4CB7002D6983 /* Lecture */,
				B59682C41AAC4D1B002D6983 /* LectureDetail */,
			);
			name = "Realm Model";
			sourceTree = "<group>";
		};
		B59682BE1AAC4CB7002D6983 /* Lecture */ = {
			isa = PBXGroup;
			children = (
				B59682BB1AAC4AD9002D6983 /* LectureObject.h */,
				B59682BC1AAC4AD9002D6983 /* LectureObject.m */,
			);
			name = Lecture;
			sourceTree = "<group>";
		};
		B59682BF1AAC4CBC002D6983 /* TimeTable */ = {
			isa = PBXGroup;
			children = (
				B59682C01AAC4CDB002D6983 /* TimeTableObject.h */,
				B59682C11AAC4CDB002D6983 /* TimeTableObject.m */,
			);
			name = TimeTable;
			sourceTree = "<group>";
		};
		B59682C41AAC4D1B002D6983 /* LectureDetail */ = {
			isa = PBXGroup;
			children = (
				B59682C51AAC4D2F002D6983 /* LectureDetailObject.h */,
				B59682C61AAC4D2F002D6983 /* LectureDetailObject.m */,
			);
			name = LectureDetail;
			sourceTree = "<group>";
		};
		B59682CC1AAC4D82002D6983 /* ServerLecture */ = {
			isa = PBXGroup;
			children = (
				B59682CF1AAC4E12002D6983 /* ServerLectureObject.h */,
				B59682D01AAC4E12002D6983 /* ServerLectureObject.m */,
			);
			name = ServerLecture;
			sourceTree = "<group>";
		};
		B59682D81AAC586D002D6983 /* Cell */ = {
			isa = PBXGroup;
			children = (
				B59682D91AAC5892002D6983 /* TimeTableCell.h */,
				B59682DA1AAC5892002D6983 /* TimeTableCell.m */,
			);
			name = Cell;
			sourceTree = "<group>";
		};
		B59682DC1AAC69B1002D6983 /* NetworkManager */ = {
			isa = PBXGroup;
			children = (
				B59682DD1AAC69CE002D6983 /* NetworkManager.h */,
				B59682DE1AAC69CE002D6983 /* NetworkManager.m */,
			);
			name = NetworkManager;
			sourceTree = "<group>";
		};
		B59682E01AAC69D5002D6983 /* Manager */ = {
			isa = PBXGroup;
			children = (
				B59682DC1AAC69B1002D6983 /* NetworkManager */,
				B59682B61AAC4A76002D6983 /* DataManager */,
			);
			name = Manager;
			sourceTree = "<group>";
		};
		B59682E11AAC69DC002D6983 /* Utils */ = {
			isa = PBXGroup;
			children = (
				B59682E01AAC69D5002D6983 /* Manager */,
			);
			name = Utils;
			sourceTree = "<group>";
		};
		B59682E21AAC6D7E002D6983 /* AddTimeTable */ = {
			isa = PBXGroup;
			children = (
				B59682E31AAC6DC2002D6983 /* AddTimeTableViewController.h */,
				B59682E41AAC6DC2002D6983 /* AddTimeTableViewController.m */,
			);
			name = AddTimeTable;
			sourceTree = "<group>";
		};
		B59682E61AAC7054002D6983 /* ServerSemester */ = {
			isa = PBXGroup;
			children = (
				B534EACC1AB43A1000EBE3EB /* Cell */,
				C15F23CA1B6CBD6B00AD707F /* ServerSemesterViewController.h */,
				C15F23CB1B6CBD6B00AD707F /* ServerSemesterViewController.m */,
			);
			name = ServerSemester;
			sourceTree = "<group>";
		};
		B5B597EC1B8B5C7500DE6526 /* View */ = {
			isa = PBXGroup;
			children = (
				B5B597E91B8B5C6B00DE6526 /* TimeTableViewForWidget.h */,
				B5B597EA1B8B5C6B00DE6526 /* TimeTableViewForWidget.m */,
			);
			name = View;
			sourceTree = "<group>";
		};
		B5FF49881B321F6A00E411B1 /* ShowLecture */ = {
			isa = PBXGroup;
			children = (
				B5FF49891B321F7A00E411B1 /* ShowLectureViewController.h */,
				B5FF498A1B321F7A00E411B1 /* ShowLectureViewController.m */,
			);
			name = ShowLecture;
			sourceTree = "<group>";
		};
		C148A5E31B63EA1C005167E8 /* ServerSemester */ = {
			isa = PBXGroup;
			children = (
				C148A5E71B63EA7C005167E8 /* ServerSemesterObject.h */,
				C148A5E81B63EA7C005167E8 /* ServerSemesterObject.m */,
			);
			name = ServerSemester;
			sourceTree = "<group>";
		};
		D50F2B14238F6B1E7CE06FE5 /* Frameworks */ = {
			isa = PBXGroup;
			children = (
				7AC2BC34DD53E7F748851752 /* libPods.a */,
				B54C8D6B1ACDB1F300DF2455 /* NotificationCenter.framework */,
				9B8A6D7AE42256B3A5516C5F /* libPods-OPDBit.a */,
				4A89053A64E5402D645CE083 /* libPods-TimeTableWidget.a */,
			);
			name = Frameworks;
			sourceTree = "<group>";
		};
/* End PBXGroup section */

/* Begin PBXNativeTarget section */
		B51438441ACFCA7900EED7A5 /* TimeTableWidget */ = {
			isa = PBXNativeTarget;
			buildConfigurationList = B51438521ACFCA7A00EED7A5 /* Build configuration list for PBXNativeTarget "TimeTableWidget" */;
			buildPhases = (
				411EE1B7BEFAEA6576CA28E0 /* Check Pods Manifest.lock */,
				B51438411ACFCA7900EED7A5 /* Sources */,
				B51438421ACFCA7900EED7A5 /* Frameworks */,
				B51438431ACFCA7900EED7A5 /* Resources */,
				446791ED04DB3D954610BEE0 /* Copy Pods Resources */,
			);
			buildRules = (
			);
			dependencies = (
			);
			name = TimeTableWidget;
			productName = TimeTableWidget;
			productReference = B51438451ACFCA7900EED7A5 /* TimeTableWidget.appex */;
			productType = "com.apple.product-type.app-extension";
		};
		B59682761AAC2EB7002D6983 /* OPDBit */ = {
			isa = PBXNativeTarget;
			buildConfigurationList = B596829A1AAC2EB7002D6983 /* Build configuration list for PBXNativeTarget "OPDBit" */;
			buildPhases = (
				3D8A83E41B6E34A5A9FD29F2 /* Check Pods Manifest.lock */,
				B59682731AAC2EB7002D6983 /* Sources */,
				B59682741AAC2EB7002D6983 /* Frameworks */,
				B59682751AAC2EB7002D6983 /* Resources */,
				656F88DC312AB4CE62D717DF /* Copy Pods Resources */,
				B54C8D7B1ACDB1F300DF2455 /* Embed App Extensions */,
				B5530B131AECE3230096F39C /* ShellScript */,
			);
			buildRules = (
			);
			dependencies = (
				B51438501ACFCA7A00EED7A5 /* PBXTargetDependency */,
			);
			name = OPDBit;
			productName = OPDBit;
			productReference = B59682771AAC2EB7002D6983 /* OPDBit.app */;
			productType = "com.apple.product-type.application";
		};
/* End PBXNativeTarget section */

/* Begin PBXProject section */
		B596826F1AAC2EB7002D6983 /* Project object */ = {
			isa = PBXProject;
			attributes = {
				LastUpgradeCheck = 0610;
				ORGANIZATIONNAME = Minz;
				TargetAttributes = {
					B51438441ACFCA7900EED7A5 = {
						CreatedOnToolsVersion = 6.1;
						DevelopmentTeam = V55Z33K4J2;
						SystemCapabilities = {
							com.apple.ApplicationGroups.iOS = {
								enabled = 1;
							};
						};
					};
					B59682761AAC2EB7002D6983 = {
						CreatedOnToolsVersion = 6.1;
						DevelopmentTeam = V55Z33K4J2;
						SystemCapabilities = {
							com.apple.ApplicationGroups.iOS = {
								enabled = 1;
							};
						};
					};
				};
			};
			buildConfigurationList = B59682721AAC2EB7002D6983 /* Build configuration list for PBXProject "OPDBit" */;
			compatibilityVersion = "Xcode 3.2";
			developmentRegion = English;
			hasScannedForEncodings = 0;
			knownRegions = (
				en,
				Base,
			);
			mainGroup = B596826E1AAC2EB7002D6983;
			productRefGroup = B59682781AAC2EB7002D6983 /* Products */;
			projectDirPath = "";
			projectRoot = "";
			targets = (
				B59682761AAC2EB7002D6983 /* OPDBit */,
				B51438441ACFCA7900EED7A5 /* TimeTableWidget */,
			);
		};
/* End PBXProject section */

/* Begin PBXResourcesBuildPhase section */
		B51438431ACFCA7900EED7A5 /* Resources */ = {
			isa = PBXResourcesBuildPhase;
			buildActionMask = 2147483647;
			files = (
				B514384E1ACFCA7A00EED7A5 /* MainInterface.storyboard in Resources */,
			);
			runOnlyForDeploymentPostprocessing = 0;
		};
		B59682751AAC2EB7002D6983 /* Resources */ = {
			isa = PBXResourcesBuildPhase;
			buildActionMask = 2147483647;
			files = (
				B52C3E641AD04853001BB5B8 /* search@2x.png in Resources */,
				B52C3E5E1AD04853001BB5B8 /* download@2x.png in Resources */,
				B52C3E5B1AD04853001BB5B8 /* done@2x.png in Resources */,
				B52C3E621AD04853001BB5B8 /* menu@3x.png in Resources */,
				B52C3E611AD04853001BB5B8 /* menu@2x.png in Resources */,
				B596828B1AAC2EB7002D6983 /* LaunchScreen.xib in Resources */,
				B593AA3F1ACC0BBA0063F09E /* off.png in Resources */,
				B52C3E651AD04853001BB5B8 /* search@3x.png in Resources */,
				B59682881AAC2EB7002D6983 /* Images.xcassets in Resources */,
				B52C3E5D1AD04853001BB5B8 /* download.png in Resources */,
				B52C3E5F1AD04853001BB5B8 /* download@3x.png in Resources */,
				B52C3E631AD04853001BB5B8 /* search.png in Resources */,
				B52C3E601AD04853001BB5B8 /* menu.png in Resources */,
				B593AA3E1ACC0BBA0063F09E /* on.png in Resources */,
				B52C3E5A1AD04853001BB5B8 /* done.png in Resources */,
				B52C3E5C1AD04853001BB5B8 /* done@3x.png in Resources */,
			);
			runOnlyForDeploymentPostprocessing = 0;
		};
/* End PBXResourcesBuildPhase section */

/* Begin PBXShellScriptBuildPhase section */
		3D8A83E41B6E34A5A9FD29F2 /* Check Pods Manifest.lock */ = {
			isa = PBXShellScriptBuildPhase;
			buildActionMask = 8;
			files = (
			);
			inputPaths = (
			);
			name = "Check Pods Manifest.lock";
			outputPaths = (
			);
			runOnlyForDeploymentPostprocessing = 1;
			shellPath = /bin/sh;
			shellScript = "diff \"${PODS_ROOT}/../Podfile.lock\" \"${PODS_ROOT}/Manifest.lock\" > /dev/null\nif [[ $? != 0 ]] ; then\n    cat << EOM\nerror: The sandbox is not in sync with the Podfile.lock. Run 'pod install' or update your CocoaPods installation.\nEOM\n    exit 1\nfi\n";
			showEnvVarsInLog = 0;
		};
		411EE1B7BEFAEA6576CA28E0 /* Check Pods Manifest.lock */ = {
			isa = PBXShellScriptBuildPhase;
			buildActionMask = 2147483647;
			files = (
			);
			inputPaths = (
			);
			name = "Check Pods Manifest.lock";
			outputPaths = (
			);
			runOnlyForDeploymentPostprocessing = 0;
			shellPath = /bin/sh;
			shellScript = "diff \"${PODS_ROOT}/../Podfile.lock\" \"${PODS_ROOT}/Manifest.lock\" > /dev/null\nif [[ $? != 0 ]] ; then\n    cat << EOM\nerror: The sandbox is not in sync with the Podfile.lock. Run 'pod install' or update your CocoaPods installation.\nEOM\n    exit 1\nfi\n";
			showEnvVarsInLog = 0;
		};
		446791ED04DB3D954610BEE0 /* Copy Pods Resources */ = {
			isa = PBXShellScriptBuildPhase;
			buildActionMask = 2147483647;
			files = (
			);
			inputPaths = (
			);
			name = "Copy Pods Resources";
			outputPaths = (
			);
			runOnlyForDeploymentPostprocessing = 0;
			shellPath = /bin/sh;
			shellScript = "\"${SRCROOT}/Pods/Target Support Files/Pods/Pods-resources.sh\"\n";
			showEnvVarsInLog = 0;
		};
		656F88DC312AB4CE62D717DF /* Copy Pods Resources */ = {
			isa = PBXShellScriptBuildPhase;
			buildActionMask = 8;
			files = (
			);
			inputPaths = (
			);
			name = "Copy Pods Resources";
			outputPaths = (
			);
			runOnlyForDeploymentPostprocessing = 1;
			shellPath = /bin/sh;
			shellScript = "\"${SRCROOT}/Pods/Target Support Files/Pods/Pods-resources.sh\"\n";
			showEnvVarsInLog = 0;
		};
		B5530B131AECE3230096F39C /* ShellScript */ = {
			isa = PBXShellScriptBuildPhase;
			buildActionMask = 2147483647;
			files = (
			);
			inputPaths = (
			);
			outputPaths = (
			);
			runOnlyForDeploymentPostprocessing = 0;
			shellPath = /bin/sh;
			shellScript = "./Fabric.framework/run b13d96d8f86642f8566e7fc02bf10a4ae6835ea1 874578870def39559eb4d3719c2109ef9c2f22f7768276b747ccea533ce73f74";
		};
/* End PBXShellScriptBuildPhase section */

/* Begin PBXSourcesBuildPhase section */
		B51438411ACFCA7900EED7A5 /* Sources */ = {
			isa = PBXSourcesBuildPhase;
			buildActionMask = 2147483647;
			files = (
				B5B597F61B8B5F1000DE6526 /* LectureDetailView.m in Sources */,
				B5B597F41B8B5F0000DE6526 /* UIFont+OPTheme.m in Sources */,
				B5B597F51B8B5F0600DE6526 /* UIColor+OPTheme.m in Sources */,
				B5B597EB1B8B5C6B00DE6526 /* TimeTableViewForWidget.m in Sources */,
				B514384C1ACFCA7A00EED7A5 /* TodayViewController.m in Sources */,
			);
			runOnlyForDeploymentPostprocessing = 0;
		};
		B59682731AAC2EB7002D6983 /* Sources */ = {
			isa = PBXSourcesBuildPhase;
			buildActionMask = 2147483647;
			files = (
				B534EADA1AB44D3800EBE3EB /* SearchLectureCell.m in Sources */,
				C15F23D01B6CBF1E00AD707F /* ServerSemesterCell.m in Sources */,
				B534EAF51AB47DB100EBE3EB /* AddLectureFooterCell.m in Sources */,
				B59682DB1AAC5892002D6983 /* TimeTableCell.m in Sources */,
				B59682C21AAC4CDC002D6983 /* TimeTableObject.m in Sources */,
				B59682A71AAC3378002D6983 /* OPLeftDrawerTableViewCell.m in Sources */,
				C148A5E91B63EA7C005167E8 /* ServerSemesterObject.m in Sources */,
				B59682E51AAC6DC2002D6983 /* AddTimeTableViewController.m in Sources */,
				B59682D11AAC4E12002D6983 /* ServerLectureObject.m in Sources */,
				B593AA461ACC4E7D0063F09E /* ShowTimeTableViewController.m in Sources */,
				B59682BD1AAC4AD9002D6983 /* LectureObject.m in Sources */,
				B5FF498B1B321F7A00E411B1 /* ShowLectureViewController.m in Sources */,
				B59682B51AAC47F0002D6983 /* LectureTableViewCell.m in Sources */,
				B53655CB1ABCA8E500626416 /* UIColor+OPTheme.m in Sources */,
				B59682801AAC2EB7002D6983 /* AppDelegate.m in Sources */,
				B59682AE1AAC3741002D6983 /* LectureViewController.m in Sources */,
				B593AA431ACC3DDF0063F09E /* TimeTableView.m in Sources */,
				B59682C71AAC4D2F002D6983 /* LectureDetailObject.m in Sources */,
				B59682A21AAC314D002D6983 /* OPLeftDrawerViewController.m in Sources */,
				B59682DF1AAC69CE002D6983 /* NetworkManager.m in Sources */,
				B534EAD21AB43A8B00EBE3EB /* AddLectureViewController.m in Sources */,
				B534EAF81AB47DBF00EBE3EB /* AddLectureDetailCell.m in Sources */,
				B59682B91AAC4A8E002D6983 /* DataManager.m in Sources */,
				C15F23CC1B6CBD6B00AD707F /* ServerSemesterViewController.m in Sources */,
				B533CE3D1ABD430300907A7C /* UIFont+OPTheme.m in Sources */,
				B534EAEF1AB47D8000EBE3EB /* AddLectureHeaderCell.m in Sources */,
				B59682B11AAC374D002D6983 /* TimeTableViewController.m in Sources */,
				B593AA4B1ACC58610063F09E /* LectureDetailView.m in Sources */,
				B596827D1AAC2EB7002D6983 /* main.m in Sources */,
				B534EAD61AB43B3400EBE3EB /* SearchLectureViewController.m in Sources */,
			);
			runOnlyForDeploymentPostprocessing = 0;
		};
/* End PBXSourcesBuildPhase section */

/* Begin PBXTargetDependency section */
		B51438501ACFCA7A00EED7A5 /* PBXTargetDependency */ = {
			isa = PBXTargetDependency;
			target = B51438441ACFCA7900EED7A5 /* TimeTableWidget */;
			targetProxy = B514384F1ACFCA7A00EED7A5 /* PBXContainerItemProxy */;
		};
/* End PBXTargetDependency section */

/* Begin PBXVariantGroup section */
		B59682891AAC2EB7002D6983 /* LaunchScreen.xib */ = {
			isa = PBXVariantGroup;
			children = (
				B596828A1AAC2EB7002D6983 /* Base */,
			);
			name = LaunchScreen.xib;
			sourceTree = "<group>";
		};
/* End PBXVariantGroup section */

/* Begin XCBuildConfiguration section */
		B51438531ACFCA7A00EED7A5 /* Debug */ = {
			isa = XCBuildConfiguration;
			baseConfigurationReference = FF3D7F73A7E4E3ECBE61BFEB /* Pods.debug.xcconfig */;
			buildSettings = {
				CODE_SIGN_ENTITLEMENTS = TimeTableWidget/TimeTableWidget.entitlements;
				CODE_SIGN_IDENTITY = "iPhone Developer";
				"CODE_SIGN_IDENTITY[sdk=iphoneos*]" = "iPhone Developer";
				GCC_PREPROCESSOR_DEFINITIONS = (
					"DEBUG=1",
					"$(inherited)",
				);
				GCC_PREPROCESSOR_DEFINITIONS_NOT_USED_IN_PRECOMPS = "";
				INFOPLIST_FILE = TimeTableWidget/Info.plist;
				LD_RUNPATH_SEARCH_PATHS = "$(inherited) @executable_path/Frameworks @executable_path/../../Frameworks";
				PRODUCT_NAME = "$(TARGET_NAME)";
				PROVISIONING_PROFILE = "";
				SKIP_INSTALL = YES;
			};
			name = Debug;
		};
		B51438541ACFCA7A00EED7A5 /* Release */ = {
			isa = XCBuildConfiguration;
			baseConfigurationReference = 36B226D3E967DD83FBCC2886 /* Pods.release.xcconfig */;
			buildSettings = {
				CODE_SIGN_ENTITLEMENTS = TimeTableWidget/TimeTableWidget.entitlements;
				CODE_SIGN_IDENTITY = "iPhone Developer";
				"CODE_SIGN_IDENTITY[sdk=iphoneos*]" = "iPhone Developer";
				GCC_PREPROCESSOR_DEFINITIONS = "$(inherited)";
				GCC_PREPROCESSOR_DEFINITIONS_NOT_USED_IN_PRECOMPS = "";
				INFOPLIST_FILE = TimeTableWidget/Info.plist;
				LD_RUNPATH_SEARCH_PATHS = "$(inherited) @executable_path/Frameworks @executable_path/../../Frameworks";
				PRODUCT_NAME = "$(TARGET_NAME)";
				PROVISIONING_PROFILE = "";
				SKIP_INSTALL = YES;
			};
			name = Release;
		};
		B59682981AAC2EB7002D6983 /* Debug */ = {
			isa = XCBuildConfiguration;
			buildSettings = {
				ALWAYS_SEARCH_USER_PATHS = NO;
				CLANG_CXX_LANGUAGE_STANDARD = "gnu++0x";
				CLANG_CXX_LIBRARY = "libc++";
				CLANG_ENABLE_MODULES = YES;
				CLANG_ENABLE_OBJC_ARC = YES;
				CLANG_WARN_BOOL_CONVERSION = YES;
				CLANG_WARN_CONSTANT_CONVERSION = YES;
				CLANG_WARN_DIRECT_OBJC_ISA_USAGE = YES_ERROR;
				CLANG_WARN_EMPTY_BODY = YES;
				CLANG_WARN_ENUM_CONVERSION = YES;
				CLANG_WARN_INT_CONVERSION = YES;
				CLANG_WARN_OBJC_ROOT_CLASS = YES_ERROR;
				CLANG_WARN_UNREACHABLE_CODE = YES;
				CLANG_WARN__DUPLICATE_METHOD_MATCH = YES;
				"CODE_SIGN_IDENTITY[sdk=iphoneos*]" = "iPhone Developer";
				COPY_PHASE_STRIP = NO;
				ENABLE_STRICT_OBJC_MSGSEND = YES;
				GCC_C_LANGUAGE_STANDARD = gnu99;
				GCC_DYNAMIC_NO_PIC = NO;
				GCC_OPTIMIZATION_LEVEL = 0;
				GCC_PREPROCESSOR_DEFINITIONS = (
					"DEBUG=1",
					"$(inherited)",
				);
				GCC_SYMBOLS_PRIVATE_EXTERN = NO;
				GCC_WARN_64_TO_32_BIT_CONVERSION = YES;
				GCC_WARN_ABOUT_RETURN_TYPE = YES_ERROR;
				GCC_WARN_UNDECLARED_SELECTOR = YES;
				GCC_WARN_UNINITIALIZED_AUTOS = YES_AGGRESSIVE;
				GCC_WARN_UNUSED_FUNCTION = YES;
				GCC_WARN_UNUSED_VARIABLE = YES;
				IPHONEOS_DEPLOYMENT_TARGET = 8.1;
				MTL_ENABLE_DEBUG_INFO = YES;
				ONLY_ACTIVE_ARCH = YES;
				SDKROOT = iphoneos;
			};
			name = Debug;
		};
		B59682991AAC2EB7002D6983 /* Release */ = {
			isa = XCBuildConfiguration;
			buildSettings = {
				ALWAYS_SEARCH_USER_PATHS = NO;
				CLANG_CXX_LANGUAGE_STANDARD = "gnu++0x";
				CLANG_CXX_LIBRARY = "libc++";
				CLANG_ENABLE_MODULES = YES;
				CLANG_ENABLE_OBJC_ARC = YES;
				CLANG_WARN_BOOL_CONVERSION = YES;
				CLANG_WARN_CONSTANT_CONVERSION = YES;
				CLANG_WARN_DIRECT_OBJC_ISA_USAGE = YES_ERROR;
				CLANG_WARN_EMPTY_BODY = YES;
				CLANG_WARN_ENUM_CONVERSION = YES;
				CLANG_WARN_INT_CONVERSION = YES;
				CLANG_WARN_OBJC_ROOT_CLASS = YES_ERROR;
				CLANG_WARN_UNREACHABLE_CODE = YES;
				CLANG_WARN__DUPLICATE_METHOD_MATCH = YES;
				"CODE_SIGN_IDENTITY[sdk=iphoneos*]" = "iPhone Developer";
				COPY_PHASE_STRIP = YES;
				ENABLE_NS_ASSERTIONS = NO;
				ENABLE_STRICT_OBJC_MSGSEND = YES;
				GCC_C_LANGUAGE_STANDARD = gnu99;
				GCC_WARN_64_TO_32_BIT_CONVERSION = YES;
				GCC_WARN_ABOUT_RETURN_TYPE = YES_ERROR;
				GCC_WARN_UNDECLARED_SELECTOR = YES;
				GCC_WARN_UNINITIALIZED_AUTOS = YES_AGGRESSIVE;
				GCC_WARN_UNUSED_FUNCTION = YES;
				GCC_WARN_UNUSED_VARIABLE = YES;
				IPHONEOS_DEPLOYMENT_TARGET = 8.1;
				MTL_ENABLE_DEBUG_INFO = NO;
				SDKROOT = iphoneos;
				VALIDATE_PRODUCT = YES;
			};
			name = Release;
		};
		B596829B1AAC2EB7002D6983 /* Debug */ = {
			isa = XCBuildConfiguration;
			baseConfigurationReference = FF3D7F73A7E4E3ECBE61BFEB /* Pods.debug.xcconfig */;
			buildSettings = {
				ASSETCATALOG_COMPILER_APPICON_NAME = AppIcon;
				ASSETCATALOG_COMPILER_LAUNCHIMAGE_NAME = LaunchImage;
				CODE_SIGN_ENTITLEMENTS = OPDBit/OPDBit.entitlements;
				CODE_SIGN_IDENTITY = "iPhone Developer";
				"CODE_SIGN_IDENTITY[sdk=iphoneos*]" = "iPhone Developer";
				FRAMEWORK_SEARCH_PATHS = (
					"$(inherited)",
					"$(PROJECT_DIR)",
					"$(PROJECT_DIR)/OPDBit",
				);
				GCC_PREPROCESSOR_DEFINITIONS = "$(inherited)";
				INFOPLIST_FILE = OPDBit/Info.plist;
				IPHONEOS_DEPLOYMENT_TARGET = 7.0;
				LD_RUNPATH_SEARCH_PATHS = "$(inherited) @executable_path/Frameworks";
				PRODUCT_NAME = "$(TARGET_NAME)";
				PROVISIONING_PROFILE = "";
			};
			name = Debug;
		};
		B596829C1AAC2EB7002D6983 /* Release */ = {
			isa = XCBuildConfiguration;
			baseConfigurationReference = 36B226D3E967DD83FBCC2886 /* Pods.release.xcconfig */;
			buildSettings = {
				ASSETCATALOG_COMPILER_APPICON_NAME = AppIcon;
				ASSETCATALOG_COMPILER_LAUNCHIMAGE_NAME = LaunchImage;
				CODE_SIGN_ENTITLEMENTS = OPDBit/OPDBit.entitlements;
				CODE_SIGN_IDENTITY = "iPhone Developer";
				"CODE_SIGN_IDENTITY[sdk=iphoneos*]" = "iPhone Developer";
				FRAMEWORK_SEARCH_PATHS = (
					"$(inherited)",
					"$(PROJECT_DIR)",
					"$(PROJECT_DIR)/OPDBit",
				);
				GCC_PREPROCESSOR_DEFINITIONS = "$(inherited)";
				INFOPLIST_FILE = OPDBit/Info.plist;
				IPHONEOS_DEPLOYMENT_TARGET = 7.0;
				LD_RUNPATH_SEARCH_PATHS = "$(inherited) @executable_path/Frameworks";
				PRODUCT_NAME = "$(TARGET_NAME)";
				PROVISIONING_PROFILE = "";
			};
			name = Release;
		};
/* End XCBuildConfiguration section */

/* Begin XCConfigurationList section */
		B51438521ACFCA7A00EED7A5 /* Build configuration list for PBXNativeTarget "TimeTableWidget" */ = {
			isa = XCConfigurationList;
			buildConfigurations = (
				B51438531ACFCA7A00EED7A5 /* Debug */,
				B51438541ACFCA7A00EED7A5 /* Release */,
			);
			defaultConfigurationIsVisible = 0;
			defaultConfigurationName = Release;
		};
		B59682721AAC2EB7002D6983 /* Build configuration list for PBXProject "OPDBit" */ = {
			isa = XCConfigurationList;
			buildConfigurations = (
				B59682981AAC2EB7002D6983 /* Debug */,
				B59682991AAC2EB7002D6983 /* Release */,
			);
			defaultConfigurationIsVisible = 0;
			defaultConfigurationName = Release;
		};
		B596829A1AAC2EB7002D6983 /* Build configuration list for PBXNativeTarget "OPDBit" */ = {
			isa = XCConfigurationList;
			buildConfigurations = (
				B596829B1AAC2EB7002D6983 /* Debug */,
				B596829C1AAC2EB7002D6983 /* Release */,
			);
			defaultConfigurationIsVisible = 0;
			defaultConfigurationName = Release;
		};
/* End XCConfigurationList section */
	};
	rootObject = B596826F1AAC2EB7002D6983 /* Project object */;
}
